// !$*UTF8*$!
{
	archiveVersion = 1;
	classes = {
	};
	objectVersion = 46;
	objects = {

/* Begin PBXBuildFile section */
		4D3CC5741E8AA6A3000136FB /* AppDelegate.swift in Sources */ = {isa = PBXBuildFile; fileRef = 4D3CC5731E8AA6A3000136FB /* AppDelegate.swift */; };
		4D3CC5761E8AA6A3000136FB /* ViewController.swift in Sources */ = {isa = PBXBuildFile; fileRef = 4D3CC5751E8AA6A3000136FB /* ViewController.swift */; };
		4D3CC5791E8AA6A3000136FB /* Flow.storyboard in Resources */ = {isa = PBXBuildFile; fileRef = 4D3CC5771E8AA6A3000136FB /* Flow.storyboard */; };
		4D3CC57C1E8AA6A3000136FB /* (null) in Sources */ = {isa = PBXBuildFile; };
		4D3CC57E1E8AA6A3000136FB /* Assets.xcassets in Resources */ = {isa = PBXBuildFile; fileRef = 4D3CC57D1E8AA6A3000136FB /* Assets.xcassets */; };
		A420DCF41E92A20800E602F8 /* AddParticipant.storyboard in Resources */ = {isa = PBXBuildFile; fileRef = A420DCF01E92A20800E602F8 /* AddParticipant.storyboard */; };
		A420DCF51E92A20800E602F8 /* NewMeeting.storyboard in Resources */ = {isa = PBXBuildFile; fileRef = A420DCF11E92A20800E602F8 /* NewMeeting.storyboard */; };
		A420DCF61E92A20800E602F8 /* NewSubtopic.storyboard in Resources */ = {isa = PBXBuildFile; fileRef = A420DCF21E92A20800E602F8 /* NewSubtopic.storyboard */; };
		A420DCF71E92A20800E602F8 /* NewTopic.storyboard in Resources */ = {isa = PBXBuildFile; fileRef = A420DCF31E92A20800E602F8 /* NewTopic.storyboard */; };
		A420DCFD1E92A3A700E602F8 /* Bolts.framework in Frameworks */ = {isa = PBXBuildFile; fileRef = A420DCF91E92A3A700E602F8 /* Bolts.framework */; };
		A420DCFE1E92A3A700E602F8 /* FBSDKCoreKit.framework in Frameworks */ = {isa = PBXBuildFile; fileRef = A420DCFA1E92A3A700E602F8 /* FBSDKCoreKit.framework */; };
		A420DCFF1E92A3A700E602F8 /* FBSDKLoginKit.framework in Frameworks */ = {isa = PBXBuildFile; fileRef = A420DCFB1E92A3A700E602F8 /* FBSDKLoginKit.framework */; };
		A420DD001E92A3A700E602F8 /* FBSDKShareKit.framework in Frameworks */ = {isa = PBXBuildFile; fileRef = A420DCFC1E92A3A700E602F8 /* FBSDKShareKit.framework */; };
		A4921F211E9516DF002EAC5A /* CloudKit.framework in Frameworks */ = {isa = PBXBuildFile; fileRef = A4921F201E9516DF002EAC5A /* CloudKit.framework */; };
		D449F8FC1E8BFF30006E60DB /* KeepCalm-Medium.ttf in Resources */ = {isa = PBXBuildFile; fileRef = D449F8FB1E8BFF30006E60DB /* KeepCalm-Medium.ttf */; };
		D45B26851E926B8B002A1866 /* meetingsTableViewController.swift in Sources */ = {isa = PBXBuildFile; fileRef = D45B26841E926B8B002A1866 /* meetingsTableViewController.swift */; };
		D45B26871E926D2B002A1866 /* meetingsTableViewCell.swift in Sources */ = {isa = PBXBuildFile; fileRef = D45B26861E926D2B002A1866 /* meetingsTableViewCell.swift */; };
		D45B269E1E92850A002A1866 /* Comment.swift in Sources */ = {isa = PBXBuildFile; fileRef = D45B268A1E92850A002A1866 /* Comment.swift */; };
		D45B269F1E92850A002A1866 /* CommentDBLayer.swift in Sources */ = {isa = PBXBuildFile; fileRef = D45B268B1E92850A002A1866 /* CommentDBLayer.swift */; };
		D45B26A01E92850A002A1866 /* CommentServices.swift in Sources */ = {isa = PBXBuildFile; fileRef = D45B268C1E92850A002A1866 /* CommentServices.swift */; };
		D45B26A11E92850A002A1866 /* Errors.swift in Sources */ = {isa = PBXBuildFile; fileRef = D45B268D1E92850A002A1866 /* Errors.swift */; };
		D45B26A21E92850A002A1866 /* LoginModel.swift in Sources */ = {isa = PBXBuildFile; fileRef = D45B268E1E92850A002A1866 /* LoginModel.swift */; };
		D45B26A31E92850A002A1866 /* LoginScreenViewController.swift in Sources */ = {isa = PBXBuildFile; fileRef = D45B268F1E92850A002A1866 /* LoginScreenViewController.swift */; };
		D45B26A41E92850A002A1866 /* Meeting.swift in Sources */ = {isa = PBXBuildFile; fileRef = D45B26901E92850A002A1866 /* Meeting.swift */; };
		D45B26A51E92850A002A1866 /* MeetingDBLayer.swift in Sources */ = {isa = PBXBuildFile; fileRef = D45B26911E92850A002A1866 /* MeetingDBLayer.swift */; };
		D45B26A61E92850A002A1866 /* MeetingServices.swift in Sources */ = {isa = PBXBuildFile; fileRef = D45B26921E92850A002A1866 /* MeetingServices.swift */; };
		D45B26A71E92850A002A1866 /* MOPT.xcdatamodeld in Sources */ = {isa = PBXBuildFile; fileRef = D45B26941E92850A002A1866 /* MOPT.xcdatamodeld */; };
		D45B26A81E92850A002A1866 /* TimeControl.swift in Sources */ = {isa = PBXBuildFile; fileRef = D45B26961E92850A002A1866 /* TimeControl.swift */; };
		D45B26A91E92850A002A1866 /* TimeControlDBLayer.swift in Sources */ = {isa = PBXBuildFile; fileRef = D45B26971E92850A002A1866 /* TimeControlDBLayer.swift */; };
		D45B26AA1E92850A002A1866 /* TimeControlServices.swift in Sources */ = {isa = PBXBuildFile; fileRef = D45B26981E92850A002A1866 /* TimeControlServices.swift */; };
		D45B26AB1E92850A002A1866 /* Topic.swift in Sources */ = {isa = PBXBuildFile; fileRef = D45B26991E92850A002A1866 /* Topic.swift */; };
		D45B26AC1E92850A002A1866 /* TopicDBLayer.swift in Sources */ = {isa = PBXBuildFile; fileRef = D45B269A1E92850A002A1866 /* TopicDBLayer.swift */; };
		D45B26AD1E92850A002A1866 /* TopicServices.swift in Sources */ = {isa = PBXBuildFile; fileRef = D45B269B1E92850A002A1866 /* TopicServices.swift */; };
		D45B26AE1E92850A002A1866 /* UserDBLayer.swift in Sources */ = {isa = PBXBuildFile; fileRef = D45B269C1E92850A002A1866 /* UserDBLayer.swift */; };
		D45B26AF1E92850A002A1866 /* UserServices.swift in Sources */ = {isa = PBXBuildFile; fileRef = D45B269D1E92850A002A1866 /* UserServices.swift */; };
		D45B26BF1E928626002A1866 /* User.swift in Sources */ = {isa = PBXBuildFile; fileRef = D45B26BE1E928626002A1866 /* User.swift */; };
		D45B26C11E9289D2002A1866 /* TopicsTableViewController.swift in Sources */ = {isa = PBXBuildFile; fileRef = D45B26C01E9289D2002A1866 /* TopicsTableViewController.swift */; };
		D45B26C31E9289EB002A1866 /* topicsTableViewCell.swift in Sources */ = {isa = PBXBuildFile; fileRef = D45B26C21E9289EB002A1866 /* topicsTableViewCell.swift */; };
		D45B26C51E928AB6002A1866 /* topicInformationTableViewController.swift in Sources */ = {isa = PBXBuildFile; fileRef = D45B26C41E928AB6002A1866 /* topicInformationTableViewController.swift */; };
		D45B26C71E928B3A002A1866 /* descriptionTableViewCell.swift in Sources */ = {isa = PBXBuildFile; fileRef = D45B26C61E928B3A002A1866 /* descriptionTableViewCell.swift */; };
		D45B26C91E928B53002A1866 /* commentsTableViewCell.swift in Sources */ = {isa = PBXBuildFile; fileRef = D45B26C81E928B53002A1866 /* commentsTableViewCell.swift */; };
		D45B26CB1E928B91002A1866 /* subtopicsTableViewCell.swift in Sources */ = {isa = PBXBuildFile; fileRef = D45B26CA1E928B91002A1866 /* subtopicsTableViewCell.swift */; };
		D45B26CE1E928D30002A1866 /* SubtopicTableViewController.swift in Sources */ = {isa = PBXBuildFile; fileRef = D45B26CD1E928D30002A1866 /* SubtopicTableViewController.swift */; };
		D484C6491E8D28320079B34B /* SWANSE__.TTF in Resources */ = {isa = PBXBuildFile; fileRef = D484C6451E8D28320079B34B /* SWANSE__.TTF */; };
		D484C64A1E8D28320079B34B /* SWANSE_B.TTF in Resources */ = {isa = PBXBuildFile; fileRef = D484C6461E8D28320079B34B /* SWANSE_B.TTF */; };
		D484C64B1E8D28320079B34B /* SWANSE_I.TTF in Resources */ = {isa = PBXBuildFile; fileRef = D484C6471E8D28320079B34B /* SWANSE_I.TTF */; };
		D484C64C1E8D28320079B34B /* SWANSEBI.TTF in Resources */ = {isa = PBXBuildFile; fileRef = D484C6481E8D28320079B34B /* SWANSEBI.TTF */; };
		D4BD50EF1E8FD6EB0091A37F /* Login.storyboard in Resources */ = {isa = PBXBuildFile; fileRef = D4BD50EE1E8FD6EB0091A37F /* Login.storyboard */; };
		D4E651A91E93B5040093CEB9 /* NewMeetingViewController.swift in Sources */ = {isa = PBXBuildFile; fileRef = D4E651A81E93B5040093CEB9 /* NewMeetingViewController.swift */; };
		D4E651AB1E93B5570093CEB9 /* NewTopicViewController.swift in Sources */ = {isa = PBXBuildFile; fileRef = D4E651AA1E93B5570093CEB9 /* NewTopicViewController.swift */; };
		D4E651AD1E93B5650093CEB9 /* NewSubtopicViewController.swift in Sources */ = {isa = PBXBuildFile; fileRef = D4E651AC1E93B5650093CEB9 /* NewSubtopicViewController.swift */; };
		D4E651AF1E93B5840093CEB9 /* AddParticipantsViewController.swift in Sources */ = {isa = PBXBuildFile; fileRef = D4E651AE1E93B5840093CEB9 /* AddParticipantsViewController.swift */; };
		D4E651B11E93DDC10093CEB9 /* ControllerProtocols.swift in Sources */ = {isa = PBXBuildFile; fileRef = D4E651B01E93DDC10093CEB9 /* ControllerProtocols.swift */; };
		D4E651B31E9409D00093CEB9 /* meetingMinutesTableViewController.swift in Sources */ = {isa = PBXBuildFile; fileRef = D4E651B21E9409D00093CEB9 /* meetingMinutesTableViewController.swift */; };
		D4E651B51E940B720093CEB9 /* TopicConclusionTableViewCell.swift in Sources */ = {isa = PBXBuildFile; fileRef = D4E651B41E940B720093CEB9 /* TopicConclusionTableViewCell.swift */; };
		D4E651B71E940B880093CEB9 /* SubtopicsConclusionTableViewCell.swift in Sources */ = {isa = PBXBuildFile; fileRef = D4E651B61E940B880093CEB9 /* SubtopicsConclusionTableViewCell.swift */; };
		D4E651B91E9419BD0093CEB9 /* PreviousMeetingsTableViewController.swift in Sources */ = {isa = PBXBuildFile; fileRef = D4E651B81E9419BD0093CEB9 /* PreviousMeetingsTableViewController.swift */; };
		D4E651BB1E941A730093CEB9 /* PrevoiusMeetingsTableViewCell.swift in Sources */ = {isa = PBXBuildFile; fileRef = D4E651BA1E941A730093CEB9 /* PrevoiusMeetingsTableViewCell.swift */; };
/* End PBXBuildFile section */

/* Begin PBXFileReference section */
		4D3CC5701E8AA6A3000136FB /* MOPT.app */ = {isa = PBXFileReference; explicitFileType = wrapper.application; includeInIndex = 0; path = MOPT.app; sourceTree = BUILT_PRODUCTS_DIR; };
		4D3CC5731E8AA6A3000136FB /* AppDelegate.swift */ = {isa = PBXFileReference; lastKnownFileType = sourcecode.swift; path = AppDelegate.swift; sourceTree = "<group>"; };
		4D3CC5751E8AA6A3000136FB /* ViewController.swift */ = {isa = PBXFileReference; lastKnownFileType = sourcecode.swift; path = ViewController.swift; sourceTree = "<group>"; };
		4D3CC5781E8AA6A3000136FB /* Base */ = {isa = PBXFileReference; lastKnownFileType = file.storyboard; name = Base; path = Base.lproj/Flow.storyboard; sourceTree = "<group>"; };
		4D3CC57D1E8AA6A3000136FB /* Assets.xcassets */ = {isa = PBXFileReference; lastKnownFileType = folder.assetcatalog; path = Assets.xcassets; sourceTree = "<group>"; };
		4D3CC5821E8AA6A3000136FB /* Info.plist */ = {isa = PBXFileReference; lastKnownFileType = text.plist.xml; path = Info.plist; sourceTree = "<group>"; };
		A420DCF01E92A20800E602F8 /* AddParticipant.storyboard */ = {isa = PBXFileReference; fileEncoding = 4; lastKnownFileType = file.storyboard; path = AddParticipant.storyboard; sourceTree = "<group>"; };
		A420DCF11E92A20800E602F8 /* NewMeeting.storyboard */ = {isa = PBXFileReference; fileEncoding = 4; lastKnownFileType = file.storyboard; path = NewMeeting.storyboard; sourceTree = "<group>"; };
		A420DCF21E92A20800E602F8 /* NewSubtopic.storyboard */ = {isa = PBXFileReference; fileEncoding = 4; lastKnownFileType = file.storyboard; path = NewSubtopic.storyboard; sourceTree = "<group>"; };
		A420DCF31E92A20800E602F8 /* NewTopic.storyboard */ = {isa = PBXFileReference; fileEncoding = 4; lastKnownFileType = file.storyboard; path = NewTopic.storyboard; sourceTree = "<group>"; };
		A420DCF91E92A3A700E602F8 /* Bolts.framework */ = {isa = PBXFileReference; lastKnownFileType = wrapper.framework; name = Bolts.framework; path = ../../../../Documents/FacebookSDK/Bolts.framework; sourceTree = "<group>"; };
		A420DCFA1E92A3A700E602F8 /* FBSDKCoreKit.framework */ = {isa = PBXFileReference; lastKnownFileType = wrapper.framework; name = FBSDKCoreKit.framework; path = ../../../../Documents/FacebookSDK/FBSDKCoreKit.framework; sourceTree = "<group>"; };
		A420DCFB1E92A3A700E602F8 /* FBSDKLoginKit.framework */ = {isa = PBXFileReference; lastKnownFileType = wrapper.framework; name = FBSDKLoginKit.framework; path = ../../../../Documents/FacebookSDK/FBSDKLoginKit.framework; sourceTree = "<group>"; };
		A420DCFC1E92A3A700E602F8 /* FBSDKShareKit.framework */ = {isa = PBXFileReference; lastKnownFileType = wrapper.framework; name = FBSDKShareKit.framework; path = ../../../../Documents/FacebookSDK/FBSDKShareKit.framework; sourceTree = "<group>"; };
		A4921F201E9516DF002EAC5A /* CloudKit.framework */ = {isa = PBXFileReference; lastKnownFileType = wrapper.framework; name = CloudKit.framework; path = System/Library/Frameworks/CloudKit.framework; sourceTree = SDKROOT; };
		D449F8FB1E8BFF30006E60DB /* KeepCalm-Medium.ttf */ = {isa = PBXFileReference; lastKnownFileType = file; name = "KeepCalm-Medium.ttf"; path = "../../../../Slackers/Design/Resources/KeepCalm-Medium.ttf"; sourceTree = "<group>"; };
		D45B26841E926B8B002A1866 /* meetingsTableViewController.swift */ = {isa = PBXFileReference; fileEncoding = 4; lastKnownFileType = sourcecode.swift; path = meetingsTableViewController.swift; sourceTree = "<group>"; };
		D45B26861E926D2B002A1866 /* meetingsTableViewCell.swift */ = {isa = PBXFileReference; fileEncoding = 4; lastKnownFileType = sourcecode.swift; path = meetingsTableViewCell.swift; sourceTree = "<group>"; };
		D45B268A1E92850A002A1866 /* Comment.swift */ = {isa = PBXFileReference; fileEncoding = 4; lastKnownFileType = sourcecode.swift; path = Comment.swift; sourceTree = "<group>"; };
		D45B268B1E92850A002A1866 /* CommentDBLayer.swift */ = {isa = PBXFileReference; fileEncoding = 4; lastKnownFileType = sourcecode.swift; path = CommentDBLayer.swift; sourceTree = "<group>"; };
		D45B268C1E92850A002A1866 /* CommentServices.swift */ = {isa = PBXFileReference; fileEncoding = 4; lastKnownFileType = sourcecode.swift; path = CommentServices.swift; sourceTree = "<group>"; };
		D45B268D1E92850A002A1866 /* Errors.swift */ = {isa = PBXFileReference; fileEncoding = 4; lastKnownFileType = sourcecode.swift; path = Errors.swift; sourceTree = "<group>"; };
		D45B268E1E92850A002A1866 /* LoginModel.swift */ = {isa = PBXFileReference; fileEncoding = 4; lastKnownFileType = sourcecode.swift; path = LoginModel.swift; sourceTree = "<group>"; };
		D45B268F1E92850A002A1866 /* LoginScreenViewController.swift */ = {isa = PBXFileReference; fileEncoding = 4; lastKnownFileType = sourcecode.swift; path = LoginScreenViewController.swift; sourceTree = "<group>"; };
		D45B26901E92850A002A1866 /* Meeting.swift */ = {isa = PBXFileReference; fileEncoding = 4; lastKnownFileType = sourcecode.swift; path = Meeting.swift; sourceTree = "<group>"; };
		D45B26911E92850A002A1866 /* MeetingDBLayer.swift */ = {isa = PBXFileReference; fileEncoding = 4; lastKnownFileType = sourcecode.swift; path = MeetingDBLayer.swift; sourceTree = "<group>"; };
		D45B26921E92850A002A1866 /* MeetingServices.swift */ = {isa = PBXFileReference; fileEncoding = 4; lastKnownFileType = sourcecode.swift; path = MeetingServices.swift; sourceTree = "<group>"; };
		D45B26931E92850A002A1866 /* MOPT.entitlements */ = {isa = PBXFileReference; fileEncoding = 4; lastKnownFileType = text.plist.entitlements; path = MOPT.entitlements; sourceTree = "<group>"; };
		D45B26951E92850A002A1866 /* MOPT.xcdatamodel */ = {isa = PBXFileReference; lastKnownFileType = wrapper.xcdatamodel; path = MOPT.xcdatamodel; sourceTree = "<group>"; };
		D45B26961E92850A002A1866 /* TimeControl.swift */ = {isa = PBXFileReference; fileEncoding = 4; lastKnownFileType = sourcecode.swift; path = TimeControl.swift; sourceTree = "<group>"; };
		D45B26971E92850A002A1866 /* TimeControlDBLayer.swift */ = {isa = PBXFileReference; fileEncoding = 4; lastKnownFileType = sourcecode.swift; path = TimeControlDBLayer.swift; sourceTree = "<group>"; };
		D45B26981E92850A002A1866 /* TimeControlServices.swift */ = {isa = PBXFileReference; fileEncoding = 4; lastKnownFileType = sourcecode.swift; path = TimeControlServices.swift; sourceTree = "<group>"; };
		D45B26991E92850A002A1866 /* Topic.swift */ = {isa = PBXFileReference; fileEncoding = 4; lastKnownFileType = sourcecode.swift; path = Topic.swift; sourceTree = "<group>"; };
		D45B269A1E92850A002A1866 /* TopicDBLayer.swift */ = {isa = PBXFileReference; fileEncoding = 4; lastKnownFileType = sourcecode.swift; path = TopicDBLayer.swift; sourceTree = "<group>"; };
		D45B269B1E92850A002A1866 /* TopicServices.swift */ = {isa = PBXFileReference; fileEncoding = 4; lastKnownFileType = sourcecode.swift; path = TopicServices.swift; sourceTree = "<group>"; };
		D45B269C1E92850A002A1866 /* UserDBLayer.swift */ = {isa = PBXFileReference; fileEncoding = 4; lastKnownFileType = sourcecode.swift; path = UserDBLayer.swift; sourceTree = "<group>"; };
		D45B269D1E92850A002A1866 /* UserServices.swift */ = {isa = PBXFileReference; fileEncoding = 4; lastKnownFileType = sourcecode.swift; path = UserServices.swift; sourceTree = "<group>"; };
		D45B26BE1E928626002A1866 /* User.swift */ = {isa = PBXFileReference; fileEncoding = 4; lastKnownFileType = sourcecode.swift; path = User.swift; sourceTree = "<group>"; };
		D45B26C01E9289D2002A1866 /* TopicsTableViewController.swift */ = {isa = PBXFileReference; fileEncoding = 4; lastKnownFileType = sourcecode.swift; path = TopicsTableViewController.swift; sourceTree = "<group>"; };
		D45B26C21E9289EB002A1866 /* topicsTableViewCell.swift */ = {isa = PBXFileReference; fileEncoding = 4; lastKnownFileType = sourcecode.swift; path = topicsTableViewCell.swift; sourceTree = "<group>"; };
		D45B26C41E928AB6002A1866 /* topicInformationTableViewController.swift */ = {isa = PBXFileReference; fileEncoding = 4; lastKnownFileType = sourcecode.swift; path = topicInformationTableViewController.swift; sourceTree = "<group>"; };
		D45B26C61E928B3A002A1866 /* descriptionTableViewCell.swift */ = {isa = PBXFileReference; fileEncoding = 4; lastKnownFileType = sourcecode.swift; path = descriptionTableViewCell.swift; sourceTree = "<group>"; };
		D45B26C81E928B53002A1866 /* commentsTableViewCell.swift */ = {isa = PBXFileReference; fileEncoding = 4; lastKnownFileType = sourcecode.swift; path = commentsTableViewCell.swift; sourceTree = "<group>"; };
		D45B26CA1E928B91002A1866 /* subtopicsTableViewCell.swift */ = {isa = PBXFileReference; fileEncoding = 4; lastKnownFileType = sourcecode.swift; path = subtopicsTableViewCell.swift; sourceTree = "<group>"; };
		D45B26CD1E928D30002A1866 /* SubtopicTableViewController.swift */ = {isa = PBXFileReference; fileEncoding = 4; lastKnownFileType = sourcecode.swift; path = SubtopicTableViewController.swift; sourceTree = "<group>"; };
		D484C6451E8D28320079B34B /* SWANSE__.TTF */ = {isa = PBXFileReference; lastKnownFileType = file; name = SWANSE__.TTF; path = "../../../../../Downloads/roger-white_swansea/SWANSE__.TTF"; sourceTree = "<group>"; };
		D484C6461E8D28320079B34B /* SWANSE_B.TTF */ = {isa = PBXFileReference; lastKnownFileType = file; name = SWANSE_B.TTF; path = "../../../../../Downloads/roger-white_swansea/SWANSE_B.TTF"; sourceTree = "<group>"; };
		D484C6471E8D28320079B34B /* SWANSE_I.TTF */ = {isa = PBXFileReference; lastKnownFileType = file; name = SWANSE_I.TTF; path = "../../../../../Downloads/roger-white_swansea/SWANSE_I.TTF"; sourceTree = "<group>"; };
		D484C6481E8D28320079B34B /* SWANSEBI.TTF */ = {isa = PBXFileReference; lastKnownFileType = file; name = SWANSEBI.TTF; path = "../../../../../Downloads/roger-white_swansea/SWANSEBI.TTF"; sourceTree = "<group>"; };
		D4BD50EE1E8FD6EB0091A37F /* Login.storyboard */ = {isa = PBXFileReference; fileEncoding = 4; lastKnownFileType = file.storyboard; path = Login.storyboard; sourceTree = "<group>"; };
		D4E651A81E93B5040093CEB9 /* NewMeetingViewController.swift */ = {isa = PBXFileReference; fileEncoding = 4; lastKnownFileType = sourcecode.swift; path = NewMeetingViewController.swift; sourceTree = "<group>"; };
		D4E651AA1E93B5570093CEB9 /* NewTopicViewController.swift */ = {isa = PBXFileReference; fileEncoding = 4; lastKnownFileType = sourcecode.swift; path = NewTopicViewController.swift; sourceTree = "<group>"; };
		D4E651AC1E93B5650093CEB9 /* NewSubtopicViewController.swift */ = {isa = PBXFileReference; fileEncoding = 4; lastKnownFileType = sourcecode.swift; path = NewSubtopicViewController.swift; sourceTree = "<group>"; };
		D4E651AE1E93B5840093CEB9 /* AddParticipantsViewController.swift */ = {isa = PBXFileReference; fileEncoding = 4; lastKnownFileType = sourcecode.swift; path = AddParticipantsViewController.swift; sourceTree = "<group>"; };
		D4E651B01E93DDC10093CEB9 /* ControllerProtocols.swift */ = {isa = PBXFileReference; fileEncoding = 4; lastKnownFileType = sourcecode.swift; path = ControllerProtocols.swift; sourceTree = "<group>"; };
		D4E651B21E9409D00093CEB9 /* meetingMinutesTableViewController.swift */ = {isa = PBXFileReference; fileEncoding = 4; lastKnownFileType = sourcecode.swift; path = meetingMinutesTableViewController.swift; sourceTree = "<group>"; };
		D4E651B41E940B720093CEB9 /* TopicConclusionTableViewCell.swift */ = {isa = PBXFileReference; fileEncoding = 4; lastKnownFileType = sourcecode.swift; path = TopicConclusionTableViewCell.swift; sourceTree = "<group>"; };
		D4E651B61E940B880093CEB9 /* SubtopicsConclusionTableViewCell.swift */ = {isa = PBXFileReference; fileEncoding = 4; lastKnownFileType = sourcecode.swift; path = SubtopicsConclusionTableViewCell.swift; sourceTree = "<group>"; };
		D4E651B81E9419BD0093CEB9 /* PreviousMeetingsTableViewController.swift */ = {isa = PBXFileReference; fileEncoding = 4; lastKnownFileType = sourcecode.swift; path = PreviousMeetingsTableViewController.swift; sourceTree = "<group>"; };
		D4E651BA1E941A730093CEB9 /* PrevoiusMeetingsTableViewCell.swift */ = {isa = PBXFileReference; fileEncoding = 4; lastKnownFileType = sourcecode.swift; path = PrevoiusMeetingsTableViewCell.swift; sourceTree = "<group>"; };
/* End PBXFileReference section */

/* Begin PBXFrameworksBuildPhase section */
		4D3CC56D1E8AA6A2000136FB /* Frameworks */ = {
			isa = PBXFrameworksBuildPhase;
			buildActionMask = 2147483647;
			files = (
				A4921F211E9516DF002EAC5A /* CloudKit.framework in Frameworks */,
				A420DD001E92A3A700E602F8 /* FBSDKShareKit.framework in Frameworks */,
				A420DCFD1E92A3A700E602F8 /* Bolts.framework in Frameworks */,
				A420DCFE1E92A3A700E602F8 /* FBSDKCoreKit.framework in Frameworks */,
				A420DCFF1E92A3A700E602F8 /* FBSDKLoginKit.framework in Frameworks */,
			);
			runOnlyForDeploymentPostprocessing = 0;
		};
/* End PBXFrameworksBuildPhase section */

/* Begin PBXGroup section */
		4D19E7431E8C3E20003782E6 /* Frameworks */ = {
			isa = PBXGroup;
			children = (
				A4921F201E9516DF002EAC5A /* CloudKit.framework */,
				A420DCF91E92A3A700E602F8 /* Bolts.framework */,
				A420DCFA1E92A3A700E602F8 /* FBSDKCoreKit.framework */,
				A420DCFB1E92A3A700E602F8 /* FBSDKLoginKit.framework */,
				A420DCFC1E92A3A700E602F8 /* FBSDKShareKit.framework */,
			);
			name = Frameworks;
			sourceTree = "<group>";
		};
		4D3CC5671E8AA6A2000136FB = {
			isa = PBXGroup;
			children = (
				4D3CC5721E8AA6A3000136FB /* MOPT */,
				4D3CC5711E8AA6A3000136FB /* Products */,
				4D19E7431E8C3E20003782E6 /* Frameworks */,
			);
			sourceTree = "<group>";
		};
		4D3CC5711E8AA6A3000136FB /* Products */ = {
			isa = PBXGroup;
			children = (
				4D3CC5701E8AA6A3000136FB /* MOPT.app */,
			);
			name = Products;
			sourceTree = "<group>";
		};
		4D3CC5721E8AA6A3000136FB /* MOPT */ = {
			isa = PBXGroup;
			children = (
				A420DCF81E92A21600E602F8 /* Storyboards */,
				D45B26831E926B5B002A1866 /* Table View Controllers */,
				D4E651A71E93B4DC0093CEB9 /* View Controllers */,
				D45B26881E92710D002A1866 /* Table View Cells */,
				4D3CC5731E8AA6A3000136FB /* AppDelegate.swift */,
				4D3CC5751E8AA6A3000136FB /* ViewController.swift */,
				D45B26B01E928511002A1866 /* Comment */,
				D45B26B51E928575002A1866 /* Login */,
				D45B26B11E92851A002A1866 /* Meeting */,
				D45B26931E92850A002A1866 /* MOPT.entitlements */,
				D45B26941E92850A002A1866 /* MOPT.xcdatamodeld */,
				D45B26B21E928520002A1866 /* TimeControl */,
				D45B26B31E928527002A1866 /* Topic */,
				D45B26B41E92855A002A1866 /* User */,
				D45B268D1E92850A002A1866 /* Errors.swift */,
				D4E651B01E93DDC10093CEB9 /* ControllerProtocols.swift */,
				4D3CC57D1E8AA6A3000136FB /* Assets.xcassets */,
				4D3CC5821E8AA6A3000136FB /* Info.plist */,
				D449F8FA1E8BFF0A006E60DB /* Fonts */,
			);
			path = MOPT;
			sourceTree = "<group>";
		};
		A420DCF81E92A21600E602F8 /* Storyboards */ = {
			isa = PBXGroup;
			children = (
				A420DCF01E92A20800E602F8 /* AddParticipant.storyboard */,
				A420DCF11E92A20800E602F8 /* NewMeeting.storyboard */,
				A420DCF21E92A20800E602F8 /* NewSubtopic.storyboard */,
				A420DCF31E92A20800E602F8 /* NewTopic.storyboard */,
				D4BD50EE1E8FD6EB0091A37F /* Login.storyboard */,
				4D3CC5771E8AA6A3000136FB /* Flow.storyboard */,
			);
			name = Storyboards;
			sourceTree = "<group>";
		};
		D449F8FA1E8BFF0A006E60DB /* Fonts */ = {
			isa = PBXGroup;
			children = (
				D449F8FB1E8BFF30006E60DB /* KeepCalm-Medium.ttf */,
				D484C6451E8D28320079B34B /* SWANSE__.TTF */,
				D484C6461E8D28320079B34B /* SWANSE_B.TTF */,
				D484C6471E8D28320079B34B /* SWANSE_I.TTF */,
				D484C6481E8D28320079B34B /* SWANSEBI.TTF */,
			);
			name = Fonts;
			sourceTree = "<group>";
		};
		D45B26831E926B5B002A1866 /* Table View Controllers */ = {
			isa = PBXGroup;
			children = (
				D45B26841E926B8B002A1866 /* meetingsTableViewController.swift */,
				D45B26C01E9289D2002A1866 /* TopicsTableViewController.swift */,
				D45B26C41E928AB6002A1866 /* topicInformationTableViewController.swift */,
				D45B26CD1E928D30002A1866 /* SubtopicTableViewController.swift */,
				D4E651B21E9409D00093CEB9 /* meetingMinutesTableViewController.swift */,
				D4E651B81E9419BD0093CEB9 /* PreviousMeetingsTableViewController.swift */,
			);
			name = "Table View Controllers";
			sourceTree = "<group>";
		};
		D45B26881E92710D002A1866 /* Table View Cells */ = {
			isa = PBXGroup;
			children = (
				D4E651B41E940B720093CEB9 /* TopicConclusionTableViewCell.swift */,
				D4E651B61E940B880093CEB9 /* SubtopicsConclusionTableViewCell.swift */,
				D45B26861E926D2B002A1866 /* meetingsTableViewCell.swift */,
				D45B26C21E9289EB002A1866 /* topicsTableViewCell.swift */,
				D45B26C61E928B3A002A1866 /* descriptionTableViewCell.swift */,
				D45B26C81E928B53002A1866 /* commentsTableViewCell.swift */,
				D45B26CA1E928B91002A1866 /* subtopicsTableViewCell.swift */,
				D4E651BA1E941A730093CEB9 /* PrevoiusMeetingsTableViewCell.swift */,
			);
			name = "Table View Cells";
			sourceTree = "<group>";
		};
		D45B26B01E928511002A1866 /* Comment */ = {
			isa = PBXGroup;
			children = (
				D45B268A1E92850A002A1866 /* Comment.swift */,
				D45B268B1E92850A002A1866 /* CommentDBLayer.swift */,
				D45B268C1E92850A002A1866 /* CommentServices.swift */,
			);
			name = Comment;
			sourceTree = "<group>";
		};
		D45B26B11E92851A002A1866 /* Meeting */ = {
			isa = PBXGroup;
			children = (
				D45B26901E92850A002A1866 /* Meeting.swift */,
				D45B26911E92850A002A1866 /* MeetingDBLayer.swift */,
				D45B26921E92850A002A1866 /* MeetingServices.swift */,
			);
			name = Meeting;
			sourceTree = "<group>";
		};
		D45B26B21E928520002A1866 /* TimeControl */ = {
			isa = PBXGroup;
			children = (
				D45B26961E92850A002A1866 /* TimeControl.swift */,
				D45B26971E92850A002A1866 /* TimeControlDBLayer.swift */,
				D45B26981E92850A002A1866 /* TimeControlServices.swift */,
			);
			name = TimeControl;
			sourceTree = "<group>";
		};
		D45B26B31E928527002A1866 /* Topic */ = {
			isa = PBXGroup;
			children = (
				D45B26991E92850A002A1866 /* Topic.swift */,
				D45B269A1E92850A002A1866 /* TopicDBLayer.swift */,
				D45B269B1E92850A002A1866 /* TopicServices.swift */,
			);
			name = Topic;
			sourceTree = "<group>";
		};
		D45B26B41E92855A002A1866 /* User */ = {
			isa = PBXGroup;
			children = (
				D45B269C1E92850A002A1866 /* UserDBLayer.swift */,
				D45B26BE1E928626002A1866 /* User.swift */,
				D45B269D1E92850A002A1866 /* UserServices.swift */,
			);
			name = User;
			sourceTree = "<group>";
		};
		D45B26B51E928575002A1866 /* Login */ = {
			isa = PBXGroup;
			children = (
				D45B268E1E92850A002A1866 /* LoginModel.swift */,
				D45B268F1E92850A002A1866 /* LoginScreenViewController.swift */,
			);
			name = Login;
			sourceTree = "<group>";
		};
		D4E651A71E93B4DC0093CEB9 /* View Controllers */ = {
			isa = PBXGroup;
			children = (
				D4E651AE1E93B5840093CEB9 /* AddParticipantsViewController.swift */,
				D4E651A81E93B5040093CEB9 /* NewMeetingViewController.swift */,
				D4E651AC1E93B5650093CEB9 /* NewSubtopicViewController.swift */,
				D4E651AA1E93B5570093CEB9 /* NewTopicViewController.swift */,
			);
			name = "View Controllers";
			sourceTree = "<group>";
		};
/* End PBXGroup section */

/* Begin PBXNativeTarget section */
		4D3CC56F1E8AA6A2000136FB /* MOPT */ = {
			isa = PBXNativeTarget;
			buildConfigurationList = 4D3CC5851E8AA6A3000136FB /* Build configuration list for PBXNativeTarget "MOPT" */;
			buildPhases = (
				4D3CC56C1E8AA6A2000136FB /* Sources */,
				4D3CC56D1E8AA6A2000136FB /* Frameworks */,
				4D3CC56E1E8AA6A2000136FB /* Resources */,
			);
			buildRules = (
			);
			dependencies = (
			);
			name = MOPT;
			productName = MOPT;
			productReference = 4D3CC5701E8AA6A3000136FB /* MOPT.app */;
			productType = "com.apple.product-type.application";
		};
/* End PBXNativeTarget section */

/* Begin PBXProject section */
		4D3CC5681E8AA6A2000136FB /* Project object */ = {
			isa = PBXProject;
			attributes = {
				LastSwiftUpdateCheck = 0820;
				LastUpgradeCheck = 0820;
				ORGANIZATIONNAME = "Gustavo Avena";
				TargetAttributes = {
					4D3CC56F1E8AA6A2000136FB = {
						CreatedOnToolsVersion = 8.2.1;
						DevelopmentTeam = X5G89Y4L38;
						ProvisioningStyle = Automatic;
						SystemCapabilities = {
							com.apple.Push = {
								enabled = 0;
							};
							com.apple.iCloud = {
								enabled = 1;
							};
						};
					};
				};
			};
			buildConfigurationList = 4D3CC56B1E8AA6A2000136FB /* Build configuration list for PBXProject "MOPT" */;
			compatibilityVersion = "Xcode 3.2";
			developmentRegion = English;
			hasScannedForEncodings = 0;
			knownRegions = (
				en,
				Base,
			);
			mainGroup = 4D3CC5671E8AA6A2000136FB;
			productRefGroup = 4D3CC5711E8AA6A3000136FB /* Products */;
			projectDirPath = "";
			projectRoot = "";
			targets = (
				4D3CC56F1E8AA6A2000136FB /* MOPT */,
			);
		};
/* End PBXProject section */

/* Begin PBXResourcesBuildPhase section */
		4D3CC56E1E8AA6A2000136FB /* Resources */ = {
			isa = PBXResourcesBuildPhase;
			buildActionMask = 2147483647;
			files = (
				A420DCF61E92A20800E602F8 /* NewSubtopic.storyboard in Resources */,
				D484C64B1E8D28320079B34B /* SWANSE_I.TTF in Resources */,
				D4BD50EF1E8FD6EB0091A37F /* Login.storyboard in Resources */,
				4D3CC57E1E8AA6A3000136FB /* Assets.xcassets in Resources */,
				A420DCF51E92A20800E602F8 /* NewMeeting.storyboard in Resources */,
				4D3CC5791E8AA6A3000136FB /* Flow.storyboard in Resources */,
				A420DCF71E92A20800E602F8 /* NewTopic.storyboard in Resources */,
				A420DCF41E92A20800E602F8 /* AddParticipant.storyboard in Resources */,
				D449F8FC1E8BFF30006E60DB /* KeepCalm-Medium.ttf in Resources */,
				D484C64A1E8D28320079B34B /* SWANSE_B.TTF in Resources */,
				D484C6491E8D28320079B34B /* SWANSE__.TTF in Resources */,
				D484C64C1E8D28320079B34B /* SWANSEBI.TTF in Resources */,
			);
			runOnlyForDeploymentPostprocessing = 0;
		};
/* End PBXResourcesBuildPhase section */

/* Begin PBXSourcesBuildPhase section */
		4D3CC56C1E8AA6A2000136FB /* Sources */ = {
			isa = PBXSourcesBuildPhase;
			buildActionMask = 2147483647;
			files = (
				D45B26C71E928B3A002A1866 /* descriptionTableViewCell.swift in Sources */,
				D4E651BB1E941A730093CEB9 /* PrevoiusMeetingsTableViewCell.swift in Sources */,
				D4E651B11E93DDC10093CEB9 /* ControllerProtocols.swift in Sources */,
				D45B26A31E92850A002A1866 /* LoginScreenViewController.swift in Sources */,
				D4E651AB1E93B5570093CEB9 /* NewTopicViewController.swift in Sources */,
				D4E651B91E9419BD0093CEB9 /* PreviousMeetingsTableViewController.swift in Sources */,
				D45B26A41E92850A002A1866 /* Meeting.swift in Sources */,
				D45B269F1E92850A002A1866 /* CommentDBLayer.swift in Sources */,
				D45B26AB1E92850A002A1866 /* Topic.swift in Sources */,
				4D3CC5761E8AA6A3000136FB /* ViewController.swift in Sources */,
				D45B26C11E9289D2002A1866 /* TopicsTableViewController.swift in Sources */,
				D45B269E1E92850A002A1866 /* Comment.swift in Sources */,
				D45B26A51E92850A002A1866 /* MeetingDBLayer.swift in Sources */,
				D45B26AC1E92850A002A1866 /* TopicDBLayer.swift in Sources */,
				D45B26851E926B8B002A1866 /* meetingsTableViewController.swift in Sources */,
				D4E651A91E93B5040093CEB9 /* NewMeetingViewController.swift in Sources */,
				D45B26A61E92850A002A1866 /* MeetingServices.swift in Sources */,
				D45B26871E926D2B002A1866 /* meetingsTableViewCell.swift in Sources */,
				D45B26A21E92850A002A1866 /* LoginModel.swift in Sources */,
				D45B26AF1E92850A002A1866 /* UserServices.swift in Sources */,
				D45B26AA1E92850A002A1866 /* TimeControlServices.swift in Sources */,
				D45B26A91E92850A002A1866 /* TimeControlDBLayer.swift in Sources */,
				D4E651B51E940B720093CEB9 /* TopicConclusionTableViewCell.swift in Sources */,
				D45B26A71E92850A002A1866 /* MOPT.xcdatamodeld in Sources */,
				D4E651B31E9409D00093CEB9 /* meetingMinutesTableViewController.swift in Sources */,
				4D3CC57C1E8AA6A3000136FB /* (null) in Sources */,
				D45B26CE1E928D30002A1866 /* SubtopicTableViewController.swift in Sources */,
				D45B26A81E92850A002A1866 /* TimeControl.swift in Sources */,
				4D3CC5741E8AA6A3000136FB /* AppDelegate.swift in Sources */,
				D4E651AD1E93B5650093CEB9 /* NewSubtopicViewController.swift in Sources */,
				D45B26AE1E92850A002A1866 /* UserDBLayer.swift in Sources */,
				D4E651B71E940B880093CEB9 /* SubtopicsConclusionTableViewCell.swift in Sources */,
				D45B26CB1E928B91002A1866 /* subtopicsTableViewCell.swift in Sources */,
				D45B26BF1E928626002A1866 /* User.swift in Sources */,
				D4E651AF1E93B5840093CEB9 /* AddParticipantsViewController.swift in Sources */,
				D45B26A11E92850A002A1866 /* Errors.swift in Sources */,
				D45B26C51E928AB6002A1866 /* topicInformationTableViewController.swift in Sources */,
				D45B26C91E928B53002A1866 /* commentsTableViewCell.swift in Sources */,
				D45B26AD1E92850A002A1866 /* TopicServices.swift in Sources */,
				D45B26A01E92850A002A1866 /* CommentServices.swift in Sources */,
				D45B26C31E9289EB002A1866 /* topicsTableViewCell.swift in Sources */,
			);
			runOnlyForDeploymentPostprocessing = 0;
		};
/* End PBXSourcesBuildPhase section */

/* Begin PBXVariantGroup section */
		4D3CC5771E8AA6A3000136FB /* Flow.storyboard */ = {
			isa = PBXVariantGroup;
			children = (
				4D3CC5781E8AA6A3000136FB /* Base */,
			);
			name = Flow.storyboard;
			sourceTree = "<group>";
		};
/* End PBXVariantGroup section */

/* Begin XCBuildConfiguration section */
		4D3CC5831E8AA6A3000136FB /* Debug */ = {
			isa = XCBuildConfiguration;
			buildSettings = {
				ALWAYS_SEARCH_USER_PATHS = NO;
				CLANG_ANALYZER_NONNULL = YES;
				CLANG_CXX_LANGUAGE_STANDARD = "gnu++0x";
				CLANG_CXX_LIBRARY = "libc++";
				CLANG_ENABLE_MODULES = YES;
				CLANG_ENABLE_OBJC_ARC = YES;
				CLANG_WARN_BOOL_CONVERSION = YES;
				CLANG_WARN_CONSTANT_CONVERSION = YES;
				CLANG_WARN_DIRECT_OBJC_ISA_USAGE = YES_ERROR;
				CLANG_WARN_DOCUMENTATION_COMMENTS = YES;
				CLANG_WARN_EMPTY_BODY = YES;
				CLANG_WARN_ENUM_CONVERSION = YES;
				CLANG_WARN_INFINITE_RECURSION = YES;
				CLANG_WARN_INT_CONVERSION = YES;
				CLANG_WARN_OBJC_ROOT_CLASS = YES_ERROR;
				CLANG_WARN_SUSPICIOUS_MOVE = YES;
				CLANG_WARN_UNREACHABLE_CODE = YES;
				CLANG_WARN__DUPLICATE_METHOD_MATCH = YES;
				"CODE_SIGN_IDENTITY[sdk=iphoneos*]" = "iPhone Developer";
				COPY_PHASE_STRIP = NO;
				DEBUG_INFORMATION_FORMAT = dwarf;
				ENABLE_STRICT_OBJC_MSGSEND = YES;
				ENABLE_TESTABILITY = YES;
				GCC_C_LANGUAGE_STANDARD = gnu99;
				GCC_DYNAMIC_NO_PIC = NO;
				GCC_NO_COMMON_BLOCKS = YES;
				GCC_OPTIMIZATION_LEVEL = 0;
				GCC_PREPROCESSOR_DEFINITIONS = (
					"DEBUG=1",
					"$(inherited)",
				);
				GCC_WARN_64_TO_32_BIT_CONVERSION = YES;
				GCC_WARN_ABOUT_RETURN_TYPE = YES_ERROR;
				GCC_WARN_UNDECLARED_SELECTOR = YES;
				GCC_WARN_UNINITIALIZED_AUTOS = YES_AGGRESSIVE;
				GCC_WARN_UNUSED_FUNCTION = YES;
				GCC_WARN_UNUSED_VARIABLE = YES;
				IPHONEOS_DEPLOYMENT_TARGET = 10.2;
				MTL_ENABLE_DEBUG_INFO = YES;
				ONLY_ACTIVE_ARCH = YES;
				SDKROOT = iphoneos;
				SWIFT_ACTIVE_COMPILATION_CONDITIONS = DEBUG;
				SWIFT_OPTIMIZATION_LEVEL = "-Onone";
			};
			name = Debug;
		};
		4D3CC5841E8AA6A3000136FB /* Release */ = {
			isa = XCBuildConfiguration;
			buildSettings = {
				ALWAYS_SEARCH_USER_PATHS = NO;
				CLANG_ANALYZER_NONNULL = YES;
				CLANG_CXX_LANGUAGE_STANDARD = "gnu++0x";
				CLANG_CXX_LIBRARY = "libc++";
				CLANG_ENABLE_MODULES = YES;
				CLANG_ENABLE_OBJC_ARC = YES;
				CLANG_WARN_BOOL_CONVERSION = YES;
				CLANG_WARN_CONSTANT_CONVERSION = YES;
				CLANG_WARN_DIRECT_OBJC_ISA_USAGE = YES_ERROR;
				CLANG_WARN_DOCUMENTATION_COMMENTS = YES;
				CLANG_WARN_EMPTY_BODY = YES;
				CLANG_WARN_ENUM_CONVERSION = YES;
				CLANG_WARN_INFINITE_RECURSION = YES;
				CLANG_WARN_INT_CONVERSION = YES;
				CLANG_WARN_OBJC_ROOT_CLASS = YES_ERROR;
				CLANG_WARN_SUSPICIOUS_MOVE = YES;
				CLANG_WARN_UNREACHABLE_CODE = YES;
				CLANG_WARN__DUPLICATE_METHOD_MATCH = YES;
				"CODE_SIGN_IDENTITY[sdk=iphoneos*]" = "iPhone Developer";
				COPY_PHASE_STRIP = NO;
				DEBUG_INFORMATION_FORMAT = "dwarf-with-dsym";
				ENABLE_NS_ASSERTIONS = NO;
				ENABLE_STRICT_OBJC_MSGSEND = YES;
				GCC_C_LANGUAGE_STANDARD = gnu99;
				GCC_NO_COMMON_BLOCKS = YES;
				GCC_WARN_64_TO_32_BIT_CONVERSION = YES;
				GCC_WARN_ABOUT_RETURN_TYPE = YES_ERROR;
				GCC_WARN_UNDECLARED_SELECTOR = YES;
				GCC_WARN_UNINITIALIZED_AUTOS = YES_AGGRESSIVE;
				GCC_WARN_UNUSED_FUNCTION = YES;
				GCC_WARN_UNUSED_VARIABLE = YES;
				IPHONEOS_DEPLOYMENT_TARGET = 10.2;
				MTL_ENABLE_DEBUG_INFO = NO;
				SDKROOT = iphoneos;
				SWIFT_OPTIMIZATION_LEVEL = "-Owholemodule";
				VALIDATE_PRODUCT = YES;
			};
			name = Release;
		};
		4D3CC5861E8AA6A3000136FB /* Debug */ = {
			isa = XCBuildConfiguration;
			buildSettings = {
				ASSETCATALOG_COMPILER_APPICON_NAME = AppIcon;
				CODE_SIGN_ENTITLEMENTS = MOPT/MOPT.entitlements;
				DEVELOPMENT_TEAM = X5G89Y4L38;
				FRAMEWORK_SEARCH_PATHS = "~/Documents/FacebookSDK";
				INFOPLIST_FILE = MOPT/Info.plist;
				LD_RUNPATH_SEARCH_PATHS = "$(inherited) @executable_path/Frameworks";
				PRODUCT_BUNDLE_IDENTIFIER = com.GustavoAvena.MOPT;
				PRODUCT_NAME = "$(TARGET_NAME)";
				SWIFT_VERSION = 3.0;
			};
			name = Debug;
		};
		4D3CC5871E8AA6A3000136FB /* Release */ = {
			isa = XCBuildConfiguration;
			buildSettings = {
				ASSETCATALOG_COMPILER_APPICON_NAME = AppIcon;
				CODE_SIGN_ENTITLEMENTS = MOPT/MOPT.entitlements;
				DEVELOPMENT_TEAM = X5G89Y4L38;
				FRAMEWORK_SEARCH_PATHS = "~/Documents/FacebookSDK";
				INFOPLIST_FILE = MOPT/Info.plist;
				LD_RUNPATH_SEARCH_PATHS = "$(inherited) @executable_path/Frameworks";
				PRODUCT_BUNDLE_IDENTIFIER = com.GustavoAvena.MOPT;
				PRODUCT_NAME = "$(TARGET_NAME)";
				SWIFT_VERSION = 3.0;
			};
			name = Release;
		};
/* End XCBuildConfiguration section */

/* Begin XCConfigurationList section */
		4D3CC56B1E8AA6A2000136FB /* Build configuration list for PBXProject "MOPT" */ = {
			isa = XCConfigurationList;
			buildConfigurations = (
				4D3CC5831E8AA6A3000136FB /* Debug */,
				4D3CC5841E8AA6A3000136FB /* Release */,
			);
			defaultConfigurationIsVisible = 0;
			defaultConfigurationName = Release;
		};
		4D3CC5851E8AA6A3000136FB /* Build configuration list for PBXNativeTarget "MOPT" */ = {
			isa = XCConfigurationList;
			buildConfigurations = (
				4D3CC5861E8AA6A3000136FB /* Debug */,
				4D3CC5871E8AA6A3000136FB /* Release */,
			);
			defaultConfigurationIsVisible = 0;
			defaultConfigurationName = Release;
		};
/* End XCConfigurationList section */

/* Begin XCVersionGroup section */
		D45B26941E92850A002A1866 /* MOPT.xcdatamodeld */ = {
			isa = XCVersionGroup;
			children = (
				D45B26951E92850A002A1866 /* MOPT.xcdatamodel */,
			);
			currentVersion = D45B26951E92850A002A1866 /* MOPT.xcdatamodel */;
			path = MOPT.xcdatamodeld;
			sourceTree = "<group>";
			versionGroupType = wrapper.xcdatamodel;
		};
/* End XCVersionGroup section */
	};
	rootObject = 4D3CC5681E8AA6A2000136FB /* Project object */;
}
