// !$*UTF8*$!
{
	archiveVersion = 1;
	classes = {
	};
	objectVersion = 46;
	objects = {

/* Begin PBXBuildFile section */
		4D3CC5741E8AA6A3000136FB /* AppDelegate.swift in Sources */ = {isa = PBXBuildFile; fileRef = 4D3CC5731E8AA6A3000136FB /* AppDelegate.swift */; };
		4D3CC5761E8AA6A3000136FB /* ViewController.swift in Sources */ = {isa = PBXBuildFile; fileRef = 4D3CC5751E8AA6A3000136FB /* ViewController.swift */; };
		4D3CC5791E8AA6A3000136FB /* Main.storyboard in Resources */ = {isa = PBXBuildFile; fileRef = 4D3CC5771E8AA6A3000136FB /* Main.storyboard */; };
		4D3CC57C1E8AA6A3000136FB /* MOPT.xcdatamodeld in Sources */ = {isa = PBXBuildFile; fileRef = 4D3CC57A1E8AA6A3000136FB /* MOPT.xcdatamodeld */; };
		4D3CC57E1E8AA6A3000136FB /* Assets.xcassets in Resources */ = {isa = PBXBuildFile; fileRef = 4D3CC57D1E8AA6A3000136FB /* Assets.xcassets */; };
		4D3CC5811E8AA6A3000136FB /* LaunchScreen.storyboard in Resources */ = {isa = PBXBuildFile; fileRef = 4D3CC57F1E8AA6A3000136FB /* LaunchScreen.storyboard */; };
		A448E28A1E8D47B80066DB6B /* NewMeeting.storyboard in Resources */ = {isa = PBXBuildFile; fileRef = A448E2891E8D47B80066DB6B /* NewMeeting.storyboard */; };
		D449F8FC1E8BFF30006E60DB /* KeepCalm-Medium.ttf in Resources */ = {isa = PBXBuildFile; fileRef = D449F8FB1E8BFF30006E60DB /* KeepCalm-Medium.ttf */; };
		D449F8FE1E8C050E006E60DB /* Program Flux.png in Resources */ = {isa = PBXBuildFile; fileRef = D449F8FD1E8C050E006E60DB /* Program Flux.png */; };
/* End PBXBuildFile section */

/* Begin PBXFileReference section */
		4D3CC5701E8AA6A3000136FB /* MOPT.app */ = {isa = PBXFileReference; explicitFileType = wrapper.application; includeInIndex = 0; path = MOPT.app; sourceTree = BUILT_PRODUCTS_DIR; };
		4D3CC5731E8AA6A3000136FB /* AppDelegate.swift */ = {isa = PBXFileReference; lastKnownFileType = sourcecode.swift; path = AppDelegate.swift; sourceTree = "<group>"; };
		4D3CC5751E8AA6A3000136FB /* ViewController.swift */ = {isa = PBXFileReference; lastKnownFileType = sourcecode.swift; path = ViewController.swift; sourceTree = "<group>"; };
		4D3CC5781E8AA6A3000136FB /* Base */ = {isa = PBXFileReference; lastKnownFileType = file.storyboard; name = Base; path = Base.lproj/Main.storyboard; sourceTree = "<group>"; };
		4D3CC57B1E8AA6A3000136FB /* MOPT.xcdatamodel */ = {isa = PBXFileReference; lastKnownFileType = wrapper.xcdatamodel; path = MOPT.xcdatamodel; sourceTree = "<group>"; };
		4D3CC57D1E8AA6A3000136FB /* Assets.xcassets */ = {isa = PBXFileReference; lastKnownFileType = folder.assetcatalog; path = Assets.xcassets; sourceTree = "<group>"; };
		4D3CC5801E8AA6A3000136FB /* Base */ = {isa = PBXFileReference; lastKnownFileType = file.storyboard; name = Base; path = Base.lproj/LaunchScreen.storyboard; sourceTree = "<group>"; };
		4D3CC5821E8AA6A3000136FB /* Info.plist */ = {isa = PBXFileReference; lastKnownFileType = text.plist.xml; path = Info.plist; sourceTree = "<group>"; };
		A448E2891E8D47B80066DB6B /* NewMeeting.storyboard */ = {isa = PBXFileReference; fileEncoding = 4; lastKnownFileType = file.storyboard; path = NewMeeting.storyboard; sourceTree = "<group>"; };
		D449F8FB1E8BFF30006E60DB /* KeepCalm-Medium.ttf */ = {isa = PBXFileReference; lastKnownFileType = file; name = "KeepCalm-Medium.ttf"; path = "../../../../Slackers/Design/Resources/KeepCalm-Medium.ttf"; sourceTree = "<group>"; };
		D449F8FD1E8C050E006E60DB /* Program Flux.png */ = {isa = PBXFileReference; lastKnownFileType = image.png; name = "Program Flux.png"; path = "../../../../Slackers/Design/Logo/Logo Kit/Program Flux.png"; sourceTree = "<group>"; };
/* End PBXFileReference section */

/* Begin PBXFrameworksBuildPhase section */
		4D3CC56D1E8AA6A2000136FB /* Frameworks */ = {
			isa = PBXFrameworksBuildPhase;
			buildActionMask = 2147483647;
			files = (
			);
			runOnlyForDeploymentPostprocessing = 0;
		};
/* End PBXFrameworksBuildPhase section */

/* Begin PBXGroup section */
		4D3CC5671E8AA6A2000136FB = {
			isa = PBXGroup;
			children = (
				4D3CC5721E8AA6A3000136FB /* MOPT */,
				4D3CC5711E8AA6A3000136FB /* Products */,
			);
			sourceTree = "<group>";
		};
		4D3CC5711E8AA6A3000136FB /* Products */ = {
			isa = PBXGroup;
			children = (
				4D3CC5701E8AA6A3000136FB /* MOPT.app */,
			);
			name = Products;
			sourceTree = "<group>";
		};
		4D3CC5721E8AA6A3000136FB /* MOPT */ = {
			isa = PBXGroup;
			children = (
				A448E28B1E8D47D60066DB6B /* storyboards */,
				4D3CC5731E8AA6A3000136FB /* AppDelegate.swift */,
				4D3CC5751E8AA6A3000136FB /* ViewController.swift */,
				4D3CC5771E8AA6A3000136FB /* Main.storyboard */,
				4D3CC57D1E8AA6A3000136FB /* Assets.xcassets */,
				4D3CC5821E8AA6A3000136FB /* Info.plist */,
				4D3CC57A1E8AA6A3000136FB /* MOPT.xcdatamodeld */,
				D449F8FD1E8C050E006E60DB /* Program Flux.png */,
				D449F8FA1E8BFF0A006E60DB /* Fonts */,
			);
			path = MOPT;
			sourceTree = "<group>";
		};
		A448E28B1E8D47D60066DB6B /* storyboards */ = {
			isa = PBXGroup;
			children = (
				4D3CC57F1E8AA6A3000136FB /* LaunchScreen.storyboard */,
				A448E2891E8D47B80066DB6B /* NewMeeting.storyboard */,
			);
			name = storyboards;
			sourceTree = "<group>";
		};
		D449F8FA1E8BFF0A006E60DB /* Fonts */ = {
			isa = PBXGroup;
			children = (
				D449F8FB1E8BFF30006E60DB /* KeepCalm-Medium.ttf */,
			);
			name = Fonts;
			sourceTree = "<group>";
		};
/* End PBXGroup section */

/* Begin PBXNativeTarget section */
		4D3CC56F1E8AA6A2000136FB /* MOPT */ = {
			isa = PBXNativeTarget;
			buildConfigurationList = 4D3CC5851E8AA6A3000136FB /* Build configuration list for PBXNativeTarget "MOPT" */;
			buildPhases = (
				4D3CC56C1E8AA6A2000136FB /* Sources */,
				4D3CC56D1E8AA6A2000136FB /* Frameworks */,
				4D3CC56E1E8AA6A2000136FB /* Resources */,
			);
			buildRules = (
			);
			dependencies = (
			);
			name = MOPT;
			productName = MOPT;
			productReference = 4D3CC5701E8AA6A3000136FB /* MOPT.app */;
			productType = "com.apple.product-type.application";
		};
/* End PBXNativeTarget section */

/* Begin PBXProject section */
		4D3CC5681E8AA6A2000136FB /* Project object */ = {
			isa = PBXProject;
			attributes = {
				LastSwiftUpdateCheck = 0820;
				LastUpgradeCheck = 0820;
				ORGANIZATIONNAME = "Gustavo Avena";
				TargetAttributes = {
					4D3CC56F1E8AA6A2000136FB = {
						CreatedOnToolsVersion = 8.2.1;
						DevelopmentTeam = X5G89Y4L38;
						ProvisioningStyle = Automatic;
					};
				};
			};
			buildConfigurationList = 4D3CC56B1E8AA6A2000136FB /* Build configuration list for PBXProject "MOPT" */;
			compatibilityVersion = "Xcode 3.2";
			developmentRegion = English;
			hasScannedForEncodings = 0;
			knownRegions = (
				en,
				Base,
			);
			mainGroup = 4D3CC5671E8AA6A2000136FB;
			productRefGroup = 4D3CC5711E8AA6A3000136FB /* Products */;
			projectDirPath = "";
			projectRoot = "";
			targets = (
				4D3CC56F1E8AA6A2000136FB /* MOPT */,
			);
		};
/* End PBXProject section */

/* Begin PBXResourcesBuildPhase section */
		4D3CC56E1E8AA6A2000136FB /* Resources */ = {
			isa = PBXResourcesBuildPhase;
			buildActionMask = 2147483647;
			files = (
				4D3CC5811E8AA6A3000136FB /* LaunchScreen.storyboard in Resources */,
				4D3CC57E1E8AA6A3000136FB /* Assets.xcassets in Resources */,
				D449F8FE1E8C050E006E60DB /* Program Flux.png in Resources */,
				4D3CC5791E8AA6A3000136FB /* Main.storyboard in Resources */,
				D449F8FC1E8BFF30006E60DB /* KeepCalm-Medium.ttf in Resources */,
				A448E28A1E8D47B80066DB6B /* NewMeeting.storyboard in Resources */,
			);
			runOnlyForDeploymentPostprocessing = 0;
		};
/* End PBXResourcesBuildPhase section */

/* Begin PBXSourcesBuildPhase section */
		4D3CC56C1E8AA6A2000136FB /* Sources */ = {
			isa = PBXSourcesBuildPhase;
			buildActionMask = 2147483647;
			files = (
				4D3CC5761E8AA6A3000136FB /* ViewController.swift in Sources */,
				4D3CC57C1E8AA6A3000136FB /* MOPT.xcdatamodeld in Sources */,
				4D3CC5741E8AA6A3000136FB /* AppDelegate.swift in Sources */,
			);
			runOnlyForDeploymentPostprocessing = 0;
		};
/* End PBXSourcesBuildPhase section */

/* Begin PBXVariantGroup section */
		4D3CC5771E8AA6A3000136FB /* Main.storyboard */ = {
			isa = PBXVariantGroup;
			children = (
				4D3CC5781E8AA6A3000136FB /* Base */,
			);
			name = Main.storyboard;
			sourceTree = "<group>";
		};
		4D3CC57F1E8AA6A3000136FB /* LaunchScreen.storyboard */ = {
			isa = PBXVariantGroup;
			children = (
				4D3CC5801E8AA6A3000136FB /* Base */,
			);
			name = LaunchScreen.storyboard;
			sourceTree = "<group>";
		};
/* End PBXVariantGroup section */

/* Begin XCBuildConfiguration section */
		4D3CC5831E8AA6A3000136FB /* Debug */ = {
			isa = XCBuildConfiguration;
			buildSettings = {
				ALWAYS_SEARCH_USER_PATHS = NO;
				CLANG_ANALYZER_NONNULL = YES;
				CLANG_CXX_LANGUAGE_STANDARD = "gnu++0x";
				CLANG_CXX_LIBRARY = "libc++";
				CLANG_ENABLE_MODULES = YES;
				CLANG_ENABLE_OBJC_ARC = YES;
				CLANG_WARN_BOOL_CONVERSION = YES;
				CLANG_WARN_CONSTANT_CONVERSION = YES;
				CLANG_WARN_DIRECT_OBJC_ISA_USAGE = YES_ERROR;
				CLANG_WARN_DOCUMENTATION_COMMENTS = YES;
				CLANG_WARN_EMPTY_BODY = YES;
				CLANG_WARN_ENUM_CONVERSION = YES;
				CLANG_WARN_INFINITE_RECURSION = YES;
				CLANG_WARN_INT_CONVERSION = YES;
				CLANG_WARN_OBJC_ROOT_CLASS = YES_ERROR;
				CLANG_WARN_SUSPICIOUS_MOVE = YES;
				CLANG_WARN_UNREACHABLE_CODE = YES;
				CLANG_WARN__DUPLICATE_METHOD_MATCH = YES;
				"CODE_SIGN_IDENTITY[sdk=iphoneos*]" = "iPhone Developer";
				COPY_PHASE_STRIP = NO;
				DEBUG_INFORMATION_FORMAT = dwarf;
				ENABLE_STRICT_OBJC_MSGSEND = YES;
				ENABLE_TESTABILITY = YES;
				GCC_C_LANGUAGE_STANDARD = gnu99;
				GCC_DYNAMIC_NO_PIC = NO;
				GCC_NO_COMMON_BLOCKS = YES;
				GCC_OPTIMIZATION_LEVEL = 0;
				GCC_PREPROCESSOR_DEFINITIONS = (
					"DEBUG=1",
					"$(inherited)",
				);
				GCC_WARN_64_TO_32_BIT_CONVERSION = YES;
				GCC_WARN_ABOUT_RETURN_TYPE = YES_ERROR;
				GCC_WARN_UNDECLARED_SELECTOR = YES;
				GCC_WARN_UNINITIALIZED_AUTOS = YES_AGGRESSIVE;
				GCC_WARN_UNUSED_FUNCTION = YES;
				GCC_WARN_UNUSED_VARIABLE = YES;
				IPHONEOS_DEPLOYMENT_TARGET = 10.2;
				MTL_ENABLE_DEBUG_INFO = YES;
				ONLY_ACTIVE_ARCH = YES;
				SDKROOT = iphoneos;
				SWIFT_ACTIVE_COMPILATION_CONDITIONS = DEBUG;
				SWIFT_OPTIMIZATION_LEVEL = "-Onone";
			};
			name = Debug;
		};
		4D3CC5841E8AA6A3000136FB /* Release */ = {
			isa = XCBuildConfiguration;
			buildSettings = {
				ALWAYS_SEARCH_USER_PATHS = NO;
				CLANG_ANALYZER_NONNULL = YES;
				CLANG_CXX_LANGUAGE_STANDARD = "gnu++0x";
				CLANG_CXX_LIBRARY = "libc++";
				CLANG_ENABLE_MODULES = YES;
				CLANG_ENABLE_OBJC_ARC = YES;
				CLANG_WARN_BOOL_CONVERSION = YES;
				CLANG_WARN_CONSTANT_CONVERSION = YES;
				CLANG_WARN_DIRECT_OBJC_ISA_USAGE = YES_ERROR;
				CLANG_WARN_DOCUMENTATION_COMMENTS = YES;
				CLANG_WARN_EMPTY_BODY = YES;
				CLANG_WARN_ENUM_CONVERSION = YES;
				CLANG_WARN_INFINITE_RECURSION = YES;
				CLANG_WARN_INT_CONVERSION = YES;
				CLANG_WARN_OBJC_ROOT_CLASS = YES_ERROR;
				CLANG_WARN_SUSPICIOUS_MOVE = YES;
				CLANG_WARN_UNREACHABLE_CODE = YES;
				CLANG_WARN__DUPLICATE_METHOD_MATCH = YES;
				"CODE_SIGN_IDENTITY[sdk=iphoneos*]" = "iPhone Developer";
				COPY_PHASE_STRIP = NO;
				DEBUG_INFORMATION_FORMAT = "dwarf-with-dsym";
				ENABLE_NS_ASSERTIONS = NO;
				ENABLE_STRICT_OBJC_MSGSEND = YES;
				GCC_C_LANGUAGE_STANDARD = gnu99;
				GCC_NO_COMMON_BLOCKS = YES;
				GCC_WARN_64_TO_32_BIT_CONVERSION = YES;
				GCC_WARN_ABOUT_RETURN_TYPE = YES_ERROR;
				GCC_WARN_UNDECLARED_SELECTOR = YES;
				GCC_WARN_UNINITIALIZED_AUTOS = YES_AGGRESSIVE;
				GCC_WARN_UNUSED_FUNCTION = YES;
				GCC_WARN_UNUSED_VARIABLE = YES;
				IPHONEOS_DEPLOYMENT_TARGET = 10.2;
				MTL_ENABLE_DEBUG_INFO = NO;
				SDKROOT = iphoneos;
				SWIFT_OPTIMIZATION_LEVEL = "-Owholemodule";
				VALIDATE_PRODUCT = YES;
			};
			name = Release;
		};
		4D3CC5861E8AA6A3000136FB /* Debug */ = {
			isa = XCBuildConfiguration;
			buildSettings = {
				ASSETCATALOG_COMPILER_APPICON_NAME = AppIcon;
				DEVELOPMENT_TEAM = X5G89Y4L38;
				INFOPLIST_FILE = MOPT/Info.plist;
				LD_RUNPATH_SEARCH_PATHS = "$(inherited) @executable_path/Frameworks";
				PRODUCT_BUNDLE_IDENTIFIER = com.GustavoAvena.MOPT;
				PRODUCT_NAME = "$(TARGET_NAME)";
				SWIFT_VERSION = 3.0;
			};
			name = Debug;
		};
		4D3CC5871E8AA6A3000136FB /* Release */ = {
			isa = XCBuildConfiguration;
			buildSettings = {
				ASSETCATALOG_COMPILER_APPICON_NAME = AppIcon;
				DEVELOPMENT_TEAM = X5G89Y4L38;
				INFOPLIST_FILE = MOPT/Info.plist;
				LD_RUNPATH_SEARCH_PATHS = "$(inherited) @executable_path/Frameworks";
				PRODUCT_BUNDLE_IDENTIFIER = com.GustavoAvena.MOPT;
				PRODUCT_NAME = "$(TARGET_NAME)";
				SWIFT_VERSION = 3.0;
			};
			name = Release;
		};
/* End XCBuildConfiguration section */

/* Begin XCConfigurationList section */
		4D3CC56B1E8AA6A2000136FB /* Build configuration list for PBXProject "MOPT" */ = {
			isa = XCConfigurationList;
			buildConfigurations = (
				4D3CC5831E8AA6A3000136FB /* Debug */,
				4D3CC5841E8AA6A3000136FB /* Release */,
			);
			defaultConfigurationIsVisible = 0;
			defaultConfigurationName = Release;
		};
		4D3CC5851E8AA6A3000136FB /* Build configuration list for PBXNativeTarget "MOPT" */ = {
			isa = XCConfigurationList;
			buildConfigurations = (
				4D3CC5861E8AA6A3000136FB /* Debug */,
				4D3CC5871E8AA6A3000136FB /* Release */,
			);
			defaultConfigurationIsVisible = 0;
			defaultConfigurationName = Release;
		};
/* End XCConfigurationList section */

/* Begin XCVersionGroup section */
		4D3CC57A1E8AA6A3000136FB /* MOPT.xcdatamodeld */ = {
			isa = XCVersionGroup;
			children = (
				4D3CC57B1E8AA6A3000136FB /* MOPT.xcdatamodel */,
			);
			currentVersion = 4D3CC57B1E8AA6A3000136FB /* MOPT.xcdatamodel */;
			path = MOPT.xcdatamodeld;
			sourceTree = "<group>";
			versionGroupType = wrapper.xcdatamodel;
		};
/* End XCVersionGroup section */
	};
	rootObject = 4D3CC5681E8AA6A2000136FB /* Project object */;
}
