// !$*UTF8*$!
{
	archiveVersion = 1;
	classes = {
	};
	objectVersion = 46;
	objects = {

/* Begin PBXBuildFile section */
		4D36004C1E929A9F0030574C /* CloudKitHandler.swift in Sources */ = {isa = PBXBuildFile; fileRef = 4D36004B1E929A9F0030574C /* CloudKitHandler.swift */; };
		4D36004D1E93C1D40030574C /* CloudKit.framework in Frameworks */ = {isa = PBXBuildFile; fileRef = 4D19E7441E8C3E20003782E6 /* CloudKit.framework */; };
		4D3AB6F41E96A4B90076EC3E /* SubtopicTableViewController.swift in Sources */ = {isa = PBXBuildFile; fileRef = D45B26CD1E928D30002A1866 /* SubtopicTableViewController.swift */; };
		4D3AB6F91E96A7560076EC3E /* Bolts.framework in Frameworks */ = {isa = PBXBuildFile; fileRef = 4D3AB6F51E96A7560076EC3E /* Bolts.framework */; };
		4D3AB6FA1E96A7560076EC3E /* FBSDKCoreKit.framework in Frameworks */ = {isa = PBXBuildFile; fileRef = 4D3AB6F61E96A7560076EC3E /* FBSDKCoreKit.framework */; };
		4D3AB6FB1E96A7560076EC3E /* FBSDKLoginKit.framework in Frameworks */ = {isa = PBXBuildFile; fileRef = 4D3AB6F71E96A7560076EC3E /* FBSDKLoginKit.framework */; };
		4D3AB6FC1E96A7560076EC3E /* FBSDKShareKit.framework in Frameworks */ = {isa = PBXBuildFile; fileRef = 4D3AB6F81E96A7560076EC3E /* FBSDKShareKit.framework */; };
		4D3AB6FE1E96A7D90076EC3E /* KeepCalm-Medium.ttf in Resources */ = {isa = PBXBuildFile; fileRef = 4D3AB6FD1E96A7D90076EC3E /* KeepCalm-Medium.ttf */; };
		4D3CC5741E8AA6A3000136FB /* AppDelegate.swift in Sources */ = {isa = PBXBuildFile; fileRef = 4D3CC5731E8AA6A3000136FB /* AppDelegate.swift */; };
		4D3CC5761E8AA6A3000136FB /* ViewController.swift in Sources */ = {isa = PBXBuildFile; fileRef = 4D3CC5751E8AA6A3000136FB /* ViewController.swift */; };
		4D3CC5791E8AA6A3000136FB /* Flow.storyboard in Resources */ = {isa = PBXBuildFile; fileRef = 4D3CC5771E8AA6A3000136FB /* Flow.storyboard */; };
		4D3CC57E1E8AA6A3000136FB /* Assets.xcassets in Resources */ = {isa = PBXBuildFile; fileRef = 4D3CC57D1E8AA6A3000136FB /* Assets.xcassets */; };
		4D3CC5811E8AA6A3000136FB /* (null) in Resources */ = {isa = PBXBuildFile; };
		4DAEF16A1E93D52C00A99E0D /* ControllerProtocols.swift in Sources */ = {isa = PBXBuildFile; fileRef = 4DAEF1691E93D52C00A99E0D /* ControllerProtocols.swift */; };
		4DAEF16F1E952DC400A99E0D /* SubtopicServices.swift in Sources */ = {isa = PBXBuildFile; fileRef = 4DAEF16E1E952DC400A99E0D /* SubtopicServices.swift */; };
		4DB933021E96668900C647C6 /* CurrentUser.swift in Sources */ = {isa = PBXBuildFile; fileRef = 4DB933011E96668900C647C6 /* CurrentUser.swift */; };
		4DD2AD811E96886E00DB8899 /* AddParticipant.storyboard in Resources */ = {isa = PBXBuildFile; fileRef = 4DD2AD711E96886D00DB8899 /* AddParticipant.storyboard */; };
		4DD2AD821E96886E00DB8899 /* AddParticipantsViewController.swift in Sources */ = {isa = PBXBuildFile; fileRef = 4DD2AD721E96886D00DB8899 /* AddParticipantsViewController.swift */; };
		4DD2AD831E96886E00DB8899 /* CommentsTableViewCell.swift in Sources */ = {isa = PBXBuildFile; fileRef = 4DD2AD731E96886D00DB8899 /* CommentsTableViewCell.swift */; };
		4DD2AD841E96886E00DB8899 /* DescriptionTableViewCell.swift in Sources */ = {isa = PBXBuildFile; fileRef = 4DD2AD741E96886D00DB8899 /* DescriptionTableViewCell.swift */; };
		4DD2AD851E96886E00DB8899 /* NewMeeting.storyboard in Resources */ = {isa = PBXBuildFile; fileRef = 4DD2AD751E96886E00DB8899 /* NewMeeting.storyboard */; };
		4DD2AD861E96886E00DB8899 /* NewMeetingViewController.swift in Sources */ = {isa = PBXBuildFile; fileRef = 4DD2AD761E96886E00DB8899 /* NewMeetingViewController.swift */; };
		4DD2AD871E96886E00DB8899 /* NewSubtopic.storyboard in Resources */ = {isa = PBXBuildFile; fileRef = 4DD2AD771E96886E00DB8899 /* NewSubtopic.storyboard */; };
		4DD2AD881E96886E00DB8899 /* NewSubtopicViewController.swift in Sources */ = {isa = PBXBuildFile; fileRef = 4DD2AD781E96886E00DB8899 /* NewSubtopicViewController.swift */; };
		4DD2AD891E96886E00DB8899 /* NewTopic.storyboard in Resources */ = {isa = PBXBuildFile; fileRef = 4DD2AD791E96886E00DB8899 /* NewTopic.storyboard */; };
		4DD2AD8A1E96886E00DB8899 /* NewTopicViewController.swift in Sources */ = {isa = PBXBuildFile; fileRef = 4DD2AD7A1E96886E00DB8899 /* NewTopicViewController.swift */; };
		4DD2AD8B1E96886E00DB8899 /* PreviousMeetingsTableViewCell.swift in Sources */ = {isa = PBXBuildFile; fileRef = 4DD2AD7B1E96886E00DB8899 /* PreviousMeetingsTableViewCell.swift */; };
		4DD2AD8C1E96886E00DB8899 /* SubtopicsConclusionTableViewCell.swift in Sources */ = {isa = PBXBuildFile; fileRef = 4DD2AD7C1E96886E00DB8899 /* SubtopicsConclusionTableViewCell.swift */; };
		4DD2AD8D1E96886E00DB8899 /* SubtopicsTableViewCell.swift in Sources */ = {isa = PBXBuildFile; fileRef = 4DD2AD7D1E96886E00DB8899 /* SubtopicsTableViewCell.swift */; };
		4DD2AD8E1E96886E00DB8899 /* TopicConclusionTableViewCell.swift in Sources */ = {isa = PBXBuildFile; fileRef = 4DD2AD7E1E96886E00DB8899 /* TopicConclusionTableViewCell.swift */; };
		4DD2AD8F1E96886E00DB8899 /* TopicsTableViewCell.swift in Sources */ = {isa = PBXBuildFile; fileRef = 4DD2AD7F1E96886E00DB8899 /* TopicsTableViewCell.swift */; };
		4DD2AD901E96886E00DB8899 /* MeetingsTableViewCell.swift in Sources */ = {isa = PBXBuildFile; fileRef = 4DD2AD801E96886E00DB8899 /* MeetingsTableViewCell.swift */; };
		4DD2AD971E96899100DB8899 /* AddSubtopicConclusionViewController.swift in Sources */ = {isa = PBXBuildFile; fileRef = 4DD2AD931E96899100DB8899 /* AddSubtopicConclusionViewController.swift */; };
		4DD2AD981E96899100DB8899 /* AddTopicConclusionViewController.swift in Sources */ = {isa = PBXBuildFile; fileRef = 4DD2AD941E96899100DB8899 /* AddTopicConclusionViewController.swift */; };
		4DD2AD991E96899100DB8899 /* CurrentMeeting.storyboard in Resources */ = {isa = PBXBuildFile; fileRef = 4DD2AD951E96899100DB8899 /* CurrentMeeting.storyboard */; };
		4DD2AD9A1E96899100DB8899 /* CurrentMeetingTableViewController.swift in Sources */ = {isa = PBXBuildFile; fileRef = 4DD2AD961E96899100DB8899 /* CurrentMeetingTableViewController.swift */; };
		4DE50C271E9D039F00ED9A50 /* TableViewHelper.swift in Sources */ = {isa = PBXBuildFile; fileRef = 4DE50C261E9D039F00ED9A50 /* TableViewHelper.swift */; };
		D403E11B1E9E64EC005A15FE /* MockupCurrentMeeting.storyboard in Resources */ = {isa = PBXBuildFile; fileRef = D403E11A1E9E64EC005A15FE /* MockupCurrentMeeting.storyboard */; };
		D403E11D1E9E67A3005A15FE /* AddConclusion.storyboard in Resources */ = {isa = PBXBuildFile; fileRef = D403E11C1E9E67A3005A15FE /* AddConclusion.storyboard */; };
		D403E11F1E9E691C005A15FE /* AddConclusionViewController.swift in Sources */ = {isa = PBXBuildFile; fileRef = D403E11E1E9E691C005A15FE /* AddConclusionViewController.swift */; };
		D45B26851E926B8B002A1866 /* MeetingsTableViewController.swift in Sources */ = {isa = PBXBuildFile; fileRef = D45B26841E926B8B002A1866 /* MeetingsTableViewController.swift */; };
		D45B26A11E92850A002A1866 /* Errors.swift in Sources */ = {isa = PBXBuildFile; fileRef = D45B268D1E92850A002A1866 /* Errors.swift */; };
		D45B26A31E92850A002A1866 /* LoginScreenViewController.swift in Sources */ = {isa = PBXBuildFile; fileRef = D45B268F1E92850A002A1866 /* LoginScreenViewController.swift */; };
		D45B26A61E92850A002A1866 /* MeetingServices.swift in Sources */ = {isa = PBXBuildFile; fileRef = D45B26921E92850A002A1866 /* MeetingServices.swift */; };
		D45B26AD1E92850A002A1866 /* TopicServices.swift in Sources */ = {isa = PBXBuildFile; fileRef = D45B269B1E92850A002A1866 /* TopicServices.swift */; };
		D45B26AF1E92850A002A1866 /* UserServices.swift in Sources */ = {isa = PBXBuildFile; fileRef = D45B269D1E92850A002A1866 /* UserServices.swift */; };
		D45B26C11E9289D2002A1866 /* TopicsTableViewController.swift in Sources */ = {isa = PBXBuildFile; fileRef = D45B26C01E9289D2002A1866 /* TopicsTableViewController.swift */; };
		D45B26C51E928AB6002A1866 /* TopicInformationTableViewController.swift in Sources */ = {isa = PBXBuildFile; fileRef = D45B26C41E928AB6002A1866 /* TopicInformationTableViewController.swift */; };
		D46181F51E9D12AA00059244 /* PresentationPreviousMeetingTableViewController.swift in Sources */ = {isa = PBXBuildFile; fileRef = D46181F41E9D12AA00059244 /* PresentationPreviousMeetingTableViewController.swift */; };
		D4BD50EF1E8FD6EB0091A37F /* Login.storyboard in Resources */ = {isa = PBXBuildFile; fileRef = D4BD50EE1E8FD6EB0091A37F /* Login.storyboard */; };
		D4E651B31E9409D00093CEB9 /* MeetingMinutesTableViewController.swift in Sources */ = {isa = PBXBuildFile; fileRef = D4E651B21E9409D00093CEB9 /* MeetingMinutesTableViewController.swift */; };
		D4E651B91E9419BD0093CEB9 /* PreviousMeetingsTableViewController.swift in Sources */ = {isa = PBXBuildFile; fileRef = D4E651B81E9419BD0093CEB9 /* PreviousMeetingsTableViewController.swift */; };
		D4FDC3311E97D25100F6FAF6 /* LaunchScreen.storyboard in Resources */ = {isa = PBXBuildFile; fileRef = D4FDC32F1E97D25100F6FAF6 /* LaunchScreen.storyboard */; };
/* End PBXBuildFile section */

/* Begin PBXFileReference section */
		4D19E7441E8C3E20003782E6 /* CloudKit.framework */ = {isa = PBXFileReference; lastKnownFileType = wrapper.framework; name = CloudKit.framework; path = System/Library/Frameworks/CloudKit.framework; sourceTree = SDKROOT; };
		4D36004B1E929A9F0030574C /* CloudKitHandler.swift */ = {isa = PBXFileReference; fileEncoding = 4; lastKnownFileType = sourcecode.swift; path = CloudKitHandler.swift; sourceTree = "<group>"; };
		4D3AB6F51E96A7560076EC3E /* Bolts.framework */ = {isa = PBXFileReference; lastKnownFileType = wrapper.framework; name = Bolts.framework; path = ../../../Documents/FacebookSDK/Bolts.framework; sourceTree = "<group>"; };
		4D3AB6F61E96A7560076EC3E /* FBSDKCoreKit.framework */ = {isa = PBXFileReference; lastKnownFileType = wrapper.framework; name = FBSDKCoreKit.framework; path = ../../../Documents/FacebookSDK/FBSDKCoreKit.framework; sourceTree = "<group>"; };
		4D3AB6F71E96A7560076EC3E /* FBSDKLoginKit.framework */ = {isa = PBXFileReference; lastKnownFileType = wrapper.framework; name = FBSDKLoginKit.framework; path = ../../../Documents/FacebookSDK/FBSDKLoginKit.framework; sourceTree = "<group>"; };
		4D3AB6F81E96A7560076EC3E /* FBSDKShareKit.framework */ = {isa = PBXFileReference; lastKnownFileType = wrapper.framework; name = FBSDKShareKit.framework; path = ../../../Documents/FacebookSDK/FBSDKShareKit.framework; sourceTree = "<group>"; };
		4D3AB6FD1E96A7D90076EC3E /* KeepCalm-Medium.ttf */ = {isa = PBXFileReference; lastKnownFileType = file; name = "KeepCalm-Medium.ttf"; path = "Fonts/KeepCalm-Medium.ttf"; sourceTree = "<group>"; };
		4D3CC5701E8AA6A3000136FB /* MOPT.app */ = {isa = PBXFileReference; explicitFileType = wrapper.application; includeInIndex = 0; path = MOPT.app; sourceTree = BUILT_PRODUCTS_DIR; };
		4D3CC5731E8AA6A3000136FB /* AppDelegate.swift */ = {isa = PBXFileReference; lastKnownFileType = sourcecode.swift; path = AppDelegate.swift; sourceTree = "<group>"; };
		4D3CC5751E8AA6A3000136FB /* ViewController.swift */ = {isa = PBXFileReference; lastKnownFileType = sourcecode.swift; path = ViewController.swift; sourceTree = "<group>"; };
		4D3CC5781E8AA6A3000136FB /* Base */ = {isa = PBXFileReference; lastKnownFileType = file.storyboard; name = Base; path = Base.lproj/Flow.storyboard; sourceTree = "<group>"; };
		4D3CC57D1E8AA6A3000136FB /* Assets.xcassets */ = {isa = PBXFileReference; lastKnownFileType = folder.assetcatalog; path = Assets.xcassets; sourceTree = "<group>"; };
		4D3CC5821E8AA6A3000136FB /* Info.plist */ = {isa = PBXFileReference; lastKnownFileType = text.plist.xml; path = Info.plist; sourceTree = "<group>"; };
		4DAEF1691E93D52C00A99E0D /* ControllerProtocols.swift */ = {isa = PBXFileReference; fileEncoding = 4; lastKnownFileType = sourcecode.swift; path = ControllerProtocols.swift; sourceTree = "<group>"; };
		4DAEF16E1E952DC400A99E0D /* SubtopicServices.swift */ = {isa = PBXFileReference; fileEncoding = 4; lastKnownFileType = sourcecode.swift; path = SubtopicServices.swift; sourceTree = "<group>"; };
		4DB933011E96668900C647C6 /* CurrentUser.swift */ = {isa = PBXFileReference; fileEncoding = 4; lastKnownFileType = sourcecode.swift; path = CurrentUser.swift; sourceTree = "<group>"; };
		4DD2AD711E96886D00DB8899 /* AddParticipant.storyboard */ = {isa = PBXFileReference; fileEncoding = 4; lastKnownFileType = file.storyboard; path = AddParticipant.storyboard; sourceTree = "<group>"; };
		4DD2AD721E96886D00DB8899 /* AddParticipantsViewController.swift */ = {isa = PBXFileReference; fileEncoding = 4; lastKnownFileType = sourcecode.swift; path = AddParticipantsViewController.swift; sourceTree = "<group>"; };
		4DD2AD731E96886D00DB8899 /* CommentsTableViewCell.swift */ = {isa = PBXFileReference; fileEncoding = 4; lastKnownFileType = sourcecode.swift; path = CommentsTableViewCell.swift; sourceTree = "<group>"; };
		4DD2AD741E96886D00DB8899 /* DescriptionTableViewCell.swift */ = {isa = PBXFileReference; fileEncoding = 4; lastKnownFileType = sourcecode.swift; path = DescriptionTableViewCell.swift; sourceTree = "<group>"; };
		4DD2AD751E96886E00DB8899 /* NewMeeting.storyboard */ = {isa = PBXFileReference; fileEncoding = 4; lastKnownFileType = file.storyboard; path = NewMeeting.storyboard; sourceTree = "<group>"; };
		4DD2AD761E96886E00DB8899 /* NewMeetingViewController.swift */ = {isa = PBXFileReference; fileEncoding = 4; lastKnownFileType = sourcecode.swift; path = NewMeetingViewController.swift; sourceTree = "<group>"; };
		4DD2AD771E96886E00DB8899 /* NewSubtopic.storyboard */ = {isa = PBXFileReference; fileEncoding = 4; lastKnownFileType = file.storyboard; path = NewSubtopic.storyboard; sourceTree = "<group>"; };
		4DD2AD781E96886E00DB8899 /* NewSubtopicViewController.swift */ = {isa = PBXFileReference; fileEncoding = 4; lastKnownFileType = sourcecode.swift; path = NewSubtopicViewController.swift; sourceTree = "<group>"; };
		4DD2AD791E96886E00DB8899 /* NewTopic.storyboard */ = {isa = PBXFileReference; fileEncoding = 4; lastKnownFileType = file.storyboard; path = NewTopic.storyboard; sourceTree = "<group>"; };
		4DD2AD7A1E96886E00DB8899 /* NewTopicViewController.swift */ = {isa = PBXFileReference; fileEncoding = 4; lastKnownFileType = sourcecode.swift; path = NewTopicViewController.swift; sourceTree = "<group>"; };
		4DD2AD7B1E96886E00DB8899 /* PreviousMeetingsTableViewCell.swift */ = {isa = PBXFileReference; fileEncoding = 4; lastKnownFileType = sourcecode.swift; path = PreviousMeetingsTableViewCell.swift; sourceTree = "<group>"; };
		4DD2AD7C1E96886E00DB8899 /* SubtopicsConclusionTableViewCell.swift */ = {isa = PBXFileReference; fileEncoding = 4; lastKnownFileType = sourcecode.swift; path = SubtopicsConclusionTableViewCell.swift; sourceTree = "<group>"; };
		4DD2AD7D1E96886E00DB8899 /* SubtopicsTableViewCell.swift */ = {isa = PBXFileReference; fileEncoding = 4; lastKnownFileType = sourcecode.swift; path = SubtopicsTableViewCell.swift; sourceTree = "<group>"; };
		4DD2AD7E1E96886E00DB8899 /* TopicConclusionTableViewCell.swift */ = {isa = PBXFileReference; fileEncoding = 4; lastKnownFileType = sourcecode.swift; path = TopicConclusionTableViewCell.swift; sourceTree = "<group>"; };
		4DD2AD7F1E96886E00DB8899 /* TopicsTableViewCell.swift */ = {isa = PBXFileReference; fileEncoding = 4; lastKnownFileType = sourcecode.swift; path = TopicsTableViewCell.swift; sourceTree = "<group>"; };
		4DD2AD801E96886E00DB8899 /* MeetingsTableViewCell.swift */ = {isa = PBXFileReference; fileEncoding = 4; lastKnownFileType = sourcecode.swift; path = MeetingsTableViewCell.swift; sourceTree = "<group>"; };
		4DD2AD931E96899100DB8899 /* AddSubtopicConclusionViewController.swift */ = {isa = PBXFileReference; fileEncoding = 4; lastKnownFileType = sourcecode.swift; path = AddSubtopicConclusionViewController.swift; sourceTree = "<group>"; };
		4DD2AD941E96899100DB8899 /* AddTopicConclusionViewController.swift */ = {isa = PBXFileReference; fileEncoding = 4; lastKnownFileType = sourcecode.swift; path = AddTopicConclusionViewController.swift; sourceTree = "<group>"; };
		4DD2AD951E96899100DB8899 /* CurrentMeeting.storyboard */ = {isa = PBXFileReference; fileEncoding = 4; lastKnownFileType = file.storyboard; path = CurrentMeeting.storyboard; sourceTree = "<group>"; };
		4DD2AD961E96899100DB8899 /* CurrentMeetingTableViewController.swift */ = {isa = PBXFileReference; fileEncoding = 4; lastKnownFileType = sourcecode.swift; path = CurrentMeetingTableViewController.swift; sourceTree = "<group>"; };
		4DE50C261E9D039F00ED9A50 /* TableViewHelper.swift */ = {isa = PBXFileReference; fileEncoding = 4; lastKnownFileType = sourcecode.swift; path = TableViewHelper.swift; sourceTree = "<group>"; };
		D403E11A1E9E64EC005A15FE /* MockupCurrentMeeting.storyboard */ = {isa = PBXFileReference; fileEncoding = 4; lastKnownFileType = file.storyboard; path = MockupCurrentMeeting.storyboard; sourceTree = "<group>"; };
		D403E11C1E9E67A3005A15FE /* AddConclusion.storyboard */ = {isa = PBXFileReference; fileEncoding = 4; lastKnownFileType = file.storyboard; path = AddConclusion.storyboard; sourceTree = "<group>"; };
		D403E11E1E9E691C005A15FE /* AddConclusionViewController.swift */ = {isa = PBXFileReference; fileEncoding = 4; lastKnownFileType = sourcecode.swift; path = AddConclusionViewController.swift; sourceTree = "<group>"; };
		D45B26841E926B8B002A1866 /* MeetingsTableViewController.swift */ = {isa = PBXFileReference; fileEncoding = 4; lastKnownFileType = sourcecode.swift; path = MeetingsTableViewController.swift; sourceTree = "<group>"; };
		D45B268D1E92850A002A1866 /* Errors.swift */ = {isa = PBXFileReference; fileEncoding = 4; lastKnownFileType = sourcecode.swift; path = Errors.swift; sourceTree = "<group>"; };
		D45B268F1E92850A002A1866 /* LoginScreenViewController.swift */ = {isa = PBXFileReference; fileEncoding = 4; lastKnownFileType = sourcecode.swift; path = LoginScreenViewController.swift; sourceTree = "<group>"; };
		D45B26921E92850A002A1866 /* MeetingServices.swift */ = {isa = PBXFileReference; fileEncoding = 4; lastKnownFileType = sourcecode.swift; path = MeetingServices.swift; sourceTree = "<group>"; };
		D45B26931E92850A002A1866 /* MOPT.entitlements */ = {isa = PBXFileReference; fileEncoding = 4; lastKnownFileType = text.plist.entitlements; path = MOPT.entitlements; sourceTree = "<group>"; };
		D45B269B1E92850A002A1866 /* TopicServices.swift */ = {isa = PBXFileReference; fileEncoding = 4; lastKnownFileType = sourcecode.swift; path = TopicServices.swift; sourceTree = "<group>"; };
		D45B269D1E92850A002A1866 /* UserServices.swift */ = {isa = PBXFileReference; fileEncoding = 4; lastKnownFileType = sourcecode.swift; path = UserServices.swift; sourceTree = "<group>"; };
		D45B26C01E9289D2002A1866 /* TopicsTableViewController.swift */ = {isa = PBXFileReference; fileEncoding = 4; lastKnownFileType = sourcecode.swift; path = TopicsTableViewController.swift; sourceTree = "<group>"; };
		D45B26C41E928AB6002A1866 /* TopicInformationTableViewController.swift */ = {isa = PBXFileReference; fileEncoding = 4; lastKnownFileType = sourcecode.swift; path = TopicInformationTableViewController.swift; sourceTree = "<group>"; };
		D45B26CD1E928D30002A1866 /* SubtopicTableViewController.swift */ = {isa = PBXFileReference; fileEncoding = 4; lastKnownFileType = sourcecode.swift; path = SubtopicTableViewController.swift; sourceTree = "<group>"; };
		D46181F41E9D12AA00059244 /* PresentationPreviousMeetingTableViewController.swift */ = {isa = PBXFileReference; fileEncoding = 4; lastKnownFileType = sourcecode.swift; path = PresentationPreviousMeetingTableViewController.swift; sourceTree = "<group>"; };
		D4BD50EE1E8FD6EB0091A37F /* Login.storyboard */ = {isa = PBXFileReference; fileEncoding = 4; lastKnownFileType = file.storyboard; path = Login.storyboard; sourceTree = "<group>"; };
		D4E651B21E9409D00093CEB9 /* MeetingMinutesTableViewController.swift */ = {isa = PBXFileReference; fileEncoding = 4; lastKnownFileType = sourcecode.swift; path = MeetingMinutesTableViewController.swift; sourceTree = "<group>"; };
		D4E651B81E9419BD0093CEB9 /* PreviousMeetingsTableViewController.swift */ = {isa = PBXFileReference; fileEncoding = 4; lastKnownFileType = sourcecode.swift; path = PreviousMeetingsTableViewController.swift; sourceTree = "<group>"; };
		D4FDC3301E97D25100F6FAF6 /* Base */ = {isa = PBXFileReference; lastKnownFileType = file.storyboard; name = Base; path = Base.lproj/LaunchScreen.storyboard; sourceTree = "<group>"; };
/* End PBXFileReference section */

/* Begin PBXFrameworksBuildPhase section */
		4D3CC56D1E8AA6A2000136FB /* Frameworks */ = {
			isa = PBXFrameworksBuildPhase;
			buildActionMask = 2147483647;
			files = (
				4D36004D1E93C1D40030574C /* CloudKit.framework in Frameworks */,
				4D3AB6FA1E96A7560076EC3E /* FBSDKCoreKit.framework in Frameworks */,
				4D3AB6FC1E96A7560076EC3E /* FBSDKShareKit.framework in Frameworks */,
				4D3AB6FB1E96A7560076EC3E /* FBSDKLoginKit.framework in Frameworks */,
				4D3AB6F91E96A7560076EC3E /* Bolts.framework in Frameworks */,
			);
			runOnlyForDeploymentPostprocessing = 0;
		};
/* End PBXFrameworksBuildPhase section */

/* Begin PBXGroup section */
		4D19E7431E8C3E20003782E6 /* Frameworks */ = {
			isa = PBXGroup;
			children = (
				4D3AB6F51E96A7560076EC3E /* Bolts.framework */,
				4D3AB6F61E96A7560076EC3E /* FBSDKCoreKit.framework */,
				4D3AB6F71E96A7560076EC3E /* FBSDKLoginKit.framework */,
				4D3AB6F81E96A7560076EC3E /* FBSDKShareKit.framework */,
			);
			name = Frameworks;
			sourceTree = "<group>";
		};
		4D30EFF61E9DBF6400AA49E0 /* Services */ = {
			isa = PBXGroup;
			children = (
				D45B269B1E92850A002A1866 /* TopicServices.swift */,
				4DAEF16E1E952DC400A99E0D /* SubtopicServices.swift */,
				D45B269D1E92850A002A1866 /* UserServices.swift */,
				D45B26921E92850A002A1866 /* MeetingServices.swift */,
			);
			name = Services;
			sourceTree = "<group>";
		};
		4D3CC5671E8AA6A2000136FB = {
			isa = PBXGroup;
			children = (
				4D3CC5721E8AA6A3000136FB /* MOPT */,
				4D3CC5711E8AA6A3000136FB /* Products */,
				4D19E7431E8C3E20003782E6 /* Frameworks */,
			);
			sourceTree = "<group>";
		};
		4D3CC5711E8AA6A3000136FB /* Products */ = {
			isa = PBXGroup;
			children = (
				4D3CC5701E8AA6A3000136FB /* MOPT.app */,
			);
			name = Products;
			sourceTree = "<group>";
		};
		4D3CC5721E8AA6A3000136FB /* MOPT */ = {
			isa = PBXGroup;
			children = (
				D46181F11E9D10BA00059244 /* Presentation Table Views */,
				D45B26831E926B5B002A1866 /* Table View Controllers */,
				4DD2AD9D1E9689F700DB8899 /* TableViewCells */,
				4DD2AD9B1E9689A900DB8899 /* Storyboards */,
				4DD2AD9C1E9689DD00DB8899 /* ViewControllers */,
				4D30EFF61E9DBF6400AA49E0 /* Services */,
				4D3CC5731E8AA6A3000136FB /* AppDelegate.swift */,
				4D3CC5751E8AA6A3000136FB /* ViewController.swift */,
				4DE50C261E9D039F00ED9A50 /* TableViewHelper.swift */,
				D45B268D1E92850A002A1866 /* Errors.swift */,
				4D36004B1E929A9F0030574C /* CloudKitHandler.swift */,
				4DAEF1691E93D52C00A99E0D /* ControllerProtocols.swift */,
				4DB933011E96668900C647C6 /* CurrentUser.swift */,
				D45B26931E92850A002A1866 /* MOPT.entitlements */,
				4D3CC57D1E8AA6A3000136FB /* Assets.xcassets */,
				4D3CC5821E8AA6A3000136FB /* Info.plist */,
				D449F8FA1E8BFF0A006E60DB /* Fonts */,
			);
			path = MOPT;
			sourceTree = "<group>";
		};
		4DD2AD9B1E9689A900DB8899 /* Storyboards */ = {
			isa = PBXGroup;
			children = (
				D4FDC32F1E97D25100F6FAF6 /* LaunchScreen.storyboard */,
				4DD2AD711E96886D00DB8899 /* AddParticipant.storyboard */,
				4DD2AD751E96886E00DB8899 /* NewMeeting.storyboard */,
				D4BD50EE1E8FD6EB0091A37F /* Login.storyboard */,
				4D3CC5771E8AA6A3000136FB /* Flow.storyboard */,
				4DD2AD771E96886E00DB8899 /* NewSubtopic.storyboard */,
				4DD2AD791E96886E00DB8899 /* NewTopic.storyboard */,
				4DD2AD951E96899100DB8899 /* CurrentMeeting.storyboard */,
				D403E11A1E9E64EC005A15FE /* MockupCurrentMeeting.storyboard */,
				D403E11C1E9E67A3005A15FE /* AddConclusion.storyboard */,
			);
			name = Storyboards;
			sourceTree = "<group>";
		};
		4DD2AD9C1E9689DD00DB8899 /* ViewControllers */ = {
			isa = PBXGroup;
			children = (
				4DD2AD721E96886D00DB8899 /* AddParticipantsViewController.swift */,
				4DD2AD761E96886E00DB8899 /* NewMeetingViewController.swift */,
				4DD2AD781E96886E00DB8899 /* NewSubtopicViewController.swift */,
				4DD2AD7A1E96886E00DB8899 /* NewTopicViewController.swift */,
				4DD2AD931E96899100DB8899 /* AddSubtopicConclusionViewController.swift */,
				4DD2AD941E96899100DB8899 /* AddTopicConclusionViewController.swift */,
				D45B268F1E92850A002A1866 /* LoginScreenViewController.swift */,
			);
			name = ViewControllers;
			sourceTree = "<group>";
		};
		4DD2AD9D1E9689F700DB8899 /* TableViewCells */ = {
			isa = PBXGroup;
			children = (
				4DD2AD731E96886D00DB8899 /* CommentsTableViewCell.swift */,
				4DD2AD741E96886D00DB8899 /* DescriptionTableViewCell.swift */,
				4DD2AD7B1E96886E00DB8899 /* PreviousMeetingsTableViewCell.swift */,
				4DD2AD7C1E96886E00DB8899 /* SubtopicsConclusionTableViewCell.swift */,
				4DD2AD7D1E96886E00DB8899 /* SubtopicsTableViewCell.swift */,
				4DD2AD7E1E96886E00DB8899 /* TopicConclusionTableViewCell.swift */,
				4DD2AD7F1E96886E00DB8899 /* TopicsTableViewCell.swift */,
				4DD2AD801E96886E00DB8899 /* MeetingsTableViewCell.swift */,
			);
			name = TableViewCells;
			sourceTree = "<group>";
		};
		D449F8FA1E8BFF0A006E60DB /* Fonts */ = {
			isa = PBXGroup;
			children = (
				4D3AB6FD1E96A7D90076EC3E /* KeepCalm-Medium.ttf */,
			);
			name = Fonts;
			sourceTree = "<group>";
		};
		D45B26831E926B5B002A1866 /* Table View Controllers */ = {
			isa = PBXGroup;
			children = (
				D45B26841E926B8B002A1866 /* MeetingsTableViewController.swift */,
				D45B26C01E9289D2002A1866 /* TopicsTableViewController.swift */,
				4DD2AD961E96899100DB8899 /* CurrentMeetingTableViewController.swift */,
				D45B26C41E928AB6002A1866 /* TopicInformationTableViewController.swift */,
				D45B26CD1E928D30002A1866 /* SubtopicTableViewController.swift */,
				D4E651B21E9409D00093CEB9 /* MeetingMinutesTableViewController.swift */,
				D4E651B81E9419BD0093CEB9 /* PreviousMeetingsTableViewController.swift */,
			);
			name = "Table View Controllers";
			sourceTree = "<group>";
		};
		D46181F11E9D10BA00059244 /* Presentation Table Views */ = {
			isa = PBXGroup;
			children = (
				D46181F41E9D12AA00059244 /* PresentationPreviousMeetingTableViewController.swift */,
				D403E11E1E9E691C005A15FE /* AddConclusionViewController.swift */,
			);
			name = "Presentation Table Views";
			sourceTree = "<group>";
		};
/* End PBXGroup section */

/* Begin PBXNativeTarget section */
		4D3CC56F1E8AA6A2000136FB /* MOPT */ = {
			isa = PBXNativeTarget;
			buildConfigurationList = 4D3CC5851E8AA6A3000136FB /* Build configuration list for PBXNativeTarget "MOPT" */;
			buildPhases = (
				4D3CC56C1E8AA6A2000136FB /* Sources */,
				4D3CC56D1E8AA6A2000136FB /* Frameworks */,
				4D3CC56E1E8AA6A2000136FB /* Resources */,
			);
			buildRules = (
			);
			dependencies = (
			);
			name = MOPT;
			productName = MOPT;
			productReference = 4D3CC5701E8AA6A3000136FB /* MOPT.app */;
			productType = "com.apple.product-type.application";
		};
/* End PBXNativeTarget section */

/* Begin PBXProject section */
		4D3CC5681E8AA6A2000136FB /* Project object */ = {
			isa = PBXProject;
			attributes = {
				LastSwiftUpdateCheck = 0820;
				LastUpgradeCheck = 0820;
				ORGANIZATIONNAME = "Gustavo Avena";
				TargetAttributes = {
					4D3CC56F1E8AA6A2000136FB = {
						CreatedOnToolsVersion = 8.2.1;
						DevelopmentTeam = X5G89Y4L38;
						ProvisioningStyle = Automatic;
						SystemCapabilities = {
							com.apple.Push = {
								enabled = 0;
							};
							com.apple.iCloud = {
								enabled = 1;
							};
						};
					};
				};
			};
			buildConfigurationList = 4D3CC56B1E8AA6A2000136FB /* Build configuration list for PBXProject "MOPT" */;
			compatibilityVersion = "Xcode 3.2";
			developmentRegion = English;
			hasScannedForEncodings = 0;
			knownRegions = (
				en,
				Base,
			);
			mainGroup = 4D3CC5671E8AA6A2000136FB;
			productRefGroup = 4D3CC5711E8AA6A3000136FB /* Products */;
			projectDirPath = "";
			projectRoot = "";
			targets = (
				4D3CC56F1E8AA6A2000136FB /* MOPT */,
			);
		};
/* End PBXProject section */

/* Begin PBXResourcesBuildPhase section */
		4D3CC56E1E8AA6A2000136FB /* Resources */ = {
			isa = PBXResourcesBuildPhase;
			buildActionMask = 2147483647;
			files = (
				4DD2AD871E96886E00DB8899 /* NewSubtopic.storyboard in Resources */,
				4DD2AD851E96886E00DB8899 /* NewMeeting.storyboard in Resources */,
				4D3CC5811E8AA6A3000136FB /* (null) in Resources */,
				D4BD50EF1E8FD6EB0091A37F /* Login.storyboard in Resources */,
				4D3CC57E1E8AA6A3000136FB /* Assets.xcassets in Resources */,
				D403E11B1E9E64EC005A15FE /* MockupCurrentMeeting.storyboard in Resources */,
				4DD2AD891E96886E00DB8899 /* NewTopic.storyboard in Resources */,
				4DD2AD991E96899100DB8899 /* CurrentMeeting.storyboard in Resources */,
				4D3AB6FE1E96A7D90076EC3E /* KeepCalm-Medium.ttf in Resources */,
				4D3CC5791E8AA6A3000136FB /* Flow.storyboard in Resources */,
				D4FDC3311E97D25100F6FAF6 /* LaunchScreen.storyboard in Resources */,
				D403E11D1E9E67A3005A15FE /* AddConclusion.storyboard in Resources */,
				4DD2AD811E96886E00DB8899 /* AddParticipant.storyboard in Resources */,
			);
			runOnlyForDeploymentPostprocessing = 0;
		};
/* End PBXResourcesBuildPhase section */

/* Begin PBXSourcesBuildPhase section */
		4D3CC56C1E8AA6A2000136FB /* Sources */ = {
			isa = PBXSourcesBuildPhase;
			buildActionMask = 2147483647;
			files = (
				4D3AB6F41E96A4B90076EC3E /* SubtopicTableViewController.swift in Sources */,
				4DAEF16F1E952DC400A99E0D /* SubtopicServices.swift in Sources */,
				4DD2AD831E96886E00DB8899 /* CommentsTableViewCell.swift in Sources */,
				D45B26A31E92850A002A1866 /* LoginScreenViewController.swift in Sources */,
				D4E651B91E9419BD0093CEB9 /* PreviousMeetingsTableViewController.swift in Sources */,
				4D3CC5761E8AA6A3000136FB /* ViewController.swift in Sources */,
				D403E11F1E9E691C005A15FE /* AddConclusionViewController.swift in Sources */,
				D45B26C11E9289D2002A1866 /* TopicsTableViewController.swift in Sources */,
				4DB933021E96668900C647C6 /* CurrentUser.swift in Sources */,
				4DD2AD861E96886E00DB8899 /* NewMeetingViewController.swift in Sources */,
				D45B26851E926B8B002A1866 /* MeetingsTableViewController.swift in Sources */,
				4DD2AD8D1E96886E00DB8899 /* SubtopicsTableViewCell.swift in Sources */,
				4DAEF16A1E93D52C00A99E0D /* ControllerProtocols.swift in Sources */,
				4DD2AD841E96886E00DB8899 /* DescriptionTableViewCell.swift in Sources */,
				4DD2AD901E96886E00DB8899 /* MeetingsTableViewCell.swift in Sources */,
				4DD2AD971E96899100DB8899 /* AddSubtopicConclusionViewController.swift in Sources */,
				4DD2AD8E1E96886E00DB8899 /* TopicConclusionTableViewCell.swift in Sources */,
				4DD2AD8F1E96886E00DB8899 /* TopicsTableViewCell.swift in Sources */,
				D45B26A61E92850A002A1866 /* MeetingServices.swift in Sources */,
				D45B26AF1E92850A002A1866 /* UserServices.swift in Sources */,
				D46181F51E9D12AA00059244 /* PresentationPreviousMeetingTableViewController.swift in Sources */,
				4DD2AD981E96899100DB8899 /* AddTopicConclusionViewController.swift in Sources */,
				D4E651B31E9409D00093CEB9 /* MeetingMinutesTableViewController.swift in Sources */,
				4DD2AD8B1E96886E00DB8899 /* PreviousMeetingsTableViewCell.swift in Sources */,
				4DE50C271E9D039F00ED9A50 /* TableViewHelper.swift in Sources */,
				4D36004C1E929A9F0030574C /* CloudKitHandler.swift in Sources */,
				4DD2AD8C1E96886E00DB8899 /* SubtopicsConclusionTableViewCell.swift in Sources */,
				4D3CC5741E8AA6A3000136FB /* AppDelegate.swift in Sources */,
				4DD2AD8A1E96886E00DB8899 /* NewTopicViewController.swift in Sources */,
				4DD2AD9A1E96899100DB8899 /* CurrentMeetingTableViewController.swift in Sources */,
				D45B26A11E92850A002A1866 /* Errors.swift in Sources */,
				D45B26C51E928AB6002A1866 /* TopicInformationTableViewController.swift in Sources */,
				4DD2AD821E96886E00DB8899 /* AddParticipantsViewController.swift in Sources */,
				4DD2AD881E96886E00DB8899 /* NewSubtopicViewController.swift in Sources */,
				D45B26AD1E92850A002A1866 /* TopicServices.swift in Sources */,
			);
			runOnlyForDeploymentPostprocessing = 0;
		};
/* End PBXSourcesBuildPhase section */

/* Begin PBXVariantGroup section */
		4D3CC5771E8AA6A3000136FB /* Flow.storyboard */ = {
			isa = PBXVariantGroup;
			children = (
				4D3CC5781E8AA6A3000136FB /* Base */,
			);
			name = Flow.storyboard;
			sourceTree = "<group>";
		};
		D4FDC32F1E97D25100F6FAF6 /* LaunchScreen.storyboard */ = {
			isa = PBXVariantGroup;
			children = (
				D4FDC3301E97D25100F6FAF6 /* Base */,
			);
			name = LaunchScreen.storyboard;
			sourceTree = "<group>";
		};
/* End PBXVariantGroup section */

/* Begin XCBuildConfiguration section */
		4D3CC5831E8AA6A3000136FB /* Debug */ = {
			isa = XCBuildConfiguration;
			buildSettings = {
				ALWAYS_SEARCH_USER_PATHS = NO;
				CLANG_ANALYZER_NONNULL = YES;
				CLANG_CXX_LANGUAGE_STANDARD = "gnu++0x";
				CLANG_CXX_LIBRARY = "libc++";
				CLANG_ENABLE_MODULES = YES;
				CLANG_ENABLE_OBJC_ARC = YES;
				CLANG_WARN_BOOL_CONVERSION = YES;
				CLANG_WARN_CONSTANT_CONVERSION = YES;
				CLANG_WARN_DIRECT_OBJC_ISA_USAGE = YES_ERROR;
				CLANG_WARN_DOCUMENTATION_COMMENTS = YES;
				CLANG_WARN_EMPTY_BODY = YES;
				CLANG_WARN_ENUM_CONVERSION = YES;
				CLANG_WARN_INFINITE_RECURSION = YES;
				CLANG_WARN_INT_CONVERSION = YES;
				CLANG_WARN_OBJC_ROOT_CLASS = YES_ERROR;
				CLANG_WARN_SUSPICIOUS_MOVE = YES;
				CLANG_WARN_UNREACHABLE_CODE = YES;
				CLANG_WARN__DUPLICATE_METHOD_MATCH = YES;
				"CODE_SIGN_IDENTITY[sdk=iphoneos*]" = "iPhone Developer";
				COPY_PHASE_STRIP = NO;
				DEBUG_INFORMATION_FORMAT = dwarf;
				ENABLE_STRICT_OBJC_MSGSEND = YES;
				ENABLE_TESTABILITY = YES;
				GCC_C_LANGUAGE_STANDARD = gnu99;
				GCC_DYNAMIC_NO_PIC = NO;
				GCC_NO_COMMON_BLOCKS = YES;
				GCC_OPTIMIZATION_LEVEL = 0;
				GCC_PREPROCESSOR_DEFINITIONS = (
					"DEBUG=1",
					"$(inherited)",
				);
				GCC_WARN_64_TO_32_BIT_CONVERSION = YES;
				GCC_WARN_ABOUT_RETURN_TYPE = YES_ERROR;
				GCC_WARN_UNDECLARED_SELECTOR = YES;
				GCC_WARN_UNINITIALIZED_AUTOS = YES_AGGRESSIVE;
				GCC_WARN_UNUSED_FUNCTION = YES;
				GCC_WARN_UNUSED_VARIABLE = YES;
				IPHONEOS_DEPLOYMENT_TARGET = 10.2;
				MTL_ENABLE_DEBUG_INFO = YES;
				ONLY_ACTIVE_ARCH = YES;
				SDKROOT = iphoneos;
				SWIFT_ACTIVE_COMPILATION_CONDITIONS = DEBUG;
				SWIFT_OPTIMIZATION_LEVEL = "-Onone";
			};
			name = Debug;
		};
		4D3CC5841E8AA6A3000136FB /* Release */ = {
			isa = XCBuildConfiguration;
			buildSettings = {
				ALWAYS_SEARCH_USER_PATHS = NO;
				CLANG_ANALYZER_NONNULL = YES;
				CLANG_CXX_LANGUAGE_STANDARD = "gnu++0x";
				CLANG_CXX_LIBRARY = "libc++";
				CLANG_ENABLE_MODULES = YES;
				CLANG_ENABLE_OBJC_ARC = YES;
				CLANG_WARN_BOOL_CONVERSION = YES;
				CLANG_WARN_CONSTANT_CONVERSION = YES;
				CLANG_WARN_DIRECT_OBJC_ISA_USAGE = YES_ERROR;
				CLANG_WARN_DOCUMENTATION_COMMENTS = YES;
				CLANG_WARN_EMPTY_BODY = YES;
				CLANG_WARN_ENUM_CONVERSION = YES;
				CLANG_WARN_INFINITE_RECURSION = YES;
				CLANG_WARN_INT_CONVERSION = YES;
				CLANG_WARN_OBJC_ROOT_CLASS = YES_ERROR;
				CLANG_WARN_SUSPICIOUS_MOVE = YES;
				CLANG_WARN_UNREACHABLE_CODE = YES;
				CLANG_WARN__DUPLICATE_METHOD_MATCH = YES;
				"CODE_SIGN_IDENTITY[sdk=iphoneos*]" = "iPhone Developer";
				COPY_PHASE_STRIP = NO;
				DEBUG_INFORMATION_FORMAT = "dwarf-with-dsym";
				ENABLE_NS_ASSERTIONS = NO;
				ENABLE_STRICT_OBJC_MSGSEND = YES;
				GCC_C_LANGUAGE_STANDARD = gnu99;
				GCC_NO_COMMON_BLOCKS = YES;
				GCC_WARN_64_TO_32_BIT_CONVERSION = YES;
				GCC_WARN_ABOUT_RETURN_TYPE = YES_ERROR;
				GCC_WARN_UNDECLARED_SELECTOR = YES;
				GCC_WARN_UNINITIALIZED_AUTOS = YES_AGGRESSIVE;
				GCC_WARN_UNUSED_FUNCTION = YES;
				GCC_WARN_UNUSED_VARIABLE = YES;
				IPHONEOS_DEPLOYMENT_TARGET = 10.2;
				MTL_ENABLE_DEBUG_INFO = NO;
				SDKROOT = iphoneos;
				SWIFT_OPTIMIZATION_LEVEL = "-Owholemodule";
				VALIDATE_PRODUCT = YES;
			};
			name = Release;
		};
		4D3CC5861E8AA6A3000136FB /* Debug */ = {
			isa = XCBuildConfiguration;
			buildSettings = {
				ASSETCATALOG_COMPILER_APPICON_NAME = AppIcon;
				CODE_SIGN_ENTITLEMENTS = MOPT/MOPT.entitlements;
				DEVELOPMENT_TEAM = X5G89Y4L38;
				FRAMEWORK_SEARCH_PATHS = "~/Documents/FacebookSDK";
				GCC_SYMBOLS_PRIVATE_EXTERN = NO;
				INFOPLIST_FILE = MOPT/Info.plist;
				LD_RUNPATH_SEARCH_PATHS = "$(inherited) @executable_path/Frameworks";
				PRODUCT_BUNDLE_IDENTIFIER = com.GustavoAvena.MOPT;
				PRODUCT_NAME = "$(TARGET_NAME)";
				SWIFT_VERSION = 3.0;
			};
			name = Debug;
		};
		4D3CC5871E8AA6A3000136FB /* Release */ = {
			isa = XCBuildConfiguration;
			buildSettings = {
				ASSETCATALOG_COMPILER_APPICON_NAME = AppIcon;
				CODE_SIGN_ENTITLEMENTS = MOPT/MOPT.entitlements;
				DEVELOPMENT_TEAM = X5G89Y4L38;
				FRAMEWORK_SEARCH_PATHS = "~/Documents/FacebookSDK";
				GCC_SYMBOLS_PRIVATE_EXTERN = YES;
				INFOPLIST_FILE = MOPT/Info.plist;
				LD_RUNPATH_SEARCH_PATHS = "$(inherited) @executable_path/Frameworks";
				PRODUCT_BUNDLE_IDENTIFIER = com.GustavoAvena.MOPT;
				PRODUCT_NAME = "$(TARGET_NAME)";
				SWIFT_VERSION = 3.0;
			};
			name = Release;
		};
/* End XCBuildConfiguration section */

/* Begin XCConfigurationList section */
		4D3CC56B1E8AA6A2000136FB /* Build configuration list for PBXProject "MOPT" */ = {
			isa = XCConfigurationList;
			buildConfigurations = (
				4D3CC5831E8AA6A3000136FB /* Debug */,
				4D3CC5841E8AA6A3000136FB /* Release */,
			);
			defaultConfigurationIsVisible = 0;
			defaultConfigurationName = Release;
		};
		4D3CC5851E8AA6A3000136FB /* Build configuration list for PBXNativeTarget "MOPT" */ = {
			isa = XCConfigurationList;
			buildConfigurations = (
				4D3CC5861E8AA6A3000136FB /* Debug */,
				4D3CC5871E8AA6A3000136FB /* Release */,
			);
			defaultConfigurationIsVisible = 0;
			defaultConfigurationName = Release;
		};
/* End XCConfigurationList section */
	};
	rootObject = 4D3CC5681E8AA6A2000136FB /* Project object */;
}
